// !$*UTF8*$!
{
	archiveVersion = 1;
	classes = {
	};
	objectVersion = 55;
	objects = {

/* Begin PBXBuildFile section */
		0831EC8628844DD4007FF4F7 /* SetAlarm.storyboard in Resources */ = {isa = PBXBuildFile; fileRef = 0831EC8528844DD4007FF4F7 /* SetAlarm.storyboard */; };
		0831EC8828844E1C007FF4F7 /* SetAlarmViewController.swift in Sources */ = {isa = PBXBuildFile; fileRef = 0831EC8728844E1C007FF4F7 /* SetAlarmViewController.swift */; };
		0831EC8A28844E9C007FF4F7 /* SetRepresentTag.storyboard in Resources */ = {isa = PBXBuildFile; fileRef = 0831EC8928844E9C007FF4F7 /* SetRepresentTag.storyboard */; };
		0831EC8C28844EDB007FF4F7 /* SetRepresentTagViewController.swift in Sources */ = {isa = PBXBuildFile; fileRef = 0831EC8B28844EDB007FF4F7 /* SetRepresentTagViewController.swift */; };
		0831EC9128847C2D007FF4F7 /* UITextField+.swift in Sources */ = {isa = PBXBuildFile; fileRef = DDAEDF43288411F600909129 /* UITextField+.swift */; };
		0831EC9228847C30007FF4F7 /* UIColor+.swift in Sources */ = {isa = PBXBuildFile; fileRef = 086F1807287AE1740061422F /* UIColor+.swift */; };
		0831EC9328847C33007FF4F7 /* UIFont+.swift in Sources */ = {isa = PBXBuildFile; fileRef = DDAC9B75287C60330041566B /* UIFont+.swift */; };
		086F17D3287A9F620061422F /* Colors.xcassets in Resources */ = {isa = PBXBuildFile; fileRef = 086F17D2287A9F620061422F /* Colors.xcassets */; };
		086F17EC287ADCF30061422F /* File.swift in Sources */ = {isa = PBXBuildFile; fileRef = 086F17EB287ADCF30061422F /* File.swift */; };
		086F17EE287ADD710061422F /* MainTabBarController.swift in Sources */ = {isa = PBXBuildFile; fileRef = 086F17ED287ADD710061422F /* MainTabBarController.swift */; };
		086F17F4287ADE0D0061422F /* Home.storyboard in Resources */ = {isa = PBXBuildFile; fileRef = 086F17F3287ADE0D0061422F /* Home.storyboard */; };
		086F17F6287ADE150061422F /* HomeViewController.swift in Sources */ = {isa = PBXBuildFile; fileRef = 086F17F5287ADE150061422F /* HomeViewController.swift */; };
		086F17F8287ADE650061422F /* Setting.storyboard in Resources */ = {isa = PBXBuildFile; fileRef = 086F17F7287ADE650061422F /* Setting.storyboard */; };
		086F17FA287ADE7D0061422F /* SettingViewController.swift in Sources */ = {isa = PBXBuildFile; fileRef = 086F17F9287ADE7D0061422F /* SettingViewController.swift */; };
		086F17FC287ADF070061422F /* AlarmViewController.swift in Sources */ = {isa = PBXBuildFile; fileRef = 086F17FB287ADF070061422F /* AlarmViewController.swift */; };
		086F17FE287ADF170061422F /* Alarm.storyboard in Resources */ = {isa = PBXBuildFile; fileRef = 086F17FD287ADF170061422F /* Alarm.storyboard */; };
		086F1800287ADF2E0061422F /* TagViewController.swift in Sources */ = {isa = PBXBuildFile; fileRef = 086F17FF287ADF2E0061422F /* TagViewController.swift */; };
		086F1802287ADF410061422F /* Tag.storyboard in Resources */ = {isa = PBXBuildFile; fileRef = 086F1801287ADF410061422F /* Tag.storyboard */; };
		086F1806287AE14B0061422F /* Const.swift in Sources */ = {isa = PBXBuildFile; fileRef = 086F1805287AE14B0061422F /* Const.swift */; };
		086F1808287AE1740061422F /* UIColor+.swift in Sources */ = {isa = PBXBuildFile; fileRef = 086F1807287AE1740061422F /* UIColor+.swift */; };
		086F180A287AF8B90061422F /* EmptyDelegate.swift in Sources */ = {isa = PBXBuildFile; fileRef = 086F1809287AF8B90061422F /* EmptyDelegate.swift */; };
		086F180E287AF99E0061422F /* NetworkResult.swift in Sources */ = {isa = PBXBuildFile; fileRef = 086F180D287AF99E0061422F /* NetworkResult.swift */; };
		086F1826287BED350061422F /* ShareViewController.swift in Sources */ = {isa = PBXBuildFile; fileRef = 086F1825287BED350061422F /* ShareViewController.swift */; };
		086F1829287BED350061422F /* MainInterface.storyboard in Resources */ = {isa = PBXBuildFile; fileRef = 086F1827287BED350061422F /* MainInterface.storyboard */; };
		086F182D287BED350061422F /* ImageShareExtension.appex in Embed App Extensions */ = {isa = PBXBuildFile; fileRef = 086F1823287BED350061422F /* ImageShareExtension.appex */; settings = {ATTRIBUTES = (RemoveHeadersOnCopy, ); }; };
		086F184A287C8A110061422F /* TagCollectionViewCell.swift in Sources */ = {isa = PBXBuildFile; fileRef = 086F1848287C8A110061422F /* TagCollectionViewCell.swift */; };
		086F184B287C8A110061422F /* TagCollectionViewCell.xib in Resources */ = {isa = PBXBuildFile; fileRef = 086F1849287C8A110061422F /* TagCollectionViewCell.xib */; };
		086F184D287C8EF10061422F /* ShareViewController+Extension.swift in Sources */ = {isa = PBXBuildFile; fileRef = 086F184C287C8EF10061422F /* ShareViewController+Extension.swift */; };
		0876FB88287D69C300391B07 /* TagsHeaderCollectionReusableView.swift in Sources */ = {isa = PBXBuildFile; fileRef = 0876FB86287D69C300391B07 /* TagsHeaderCollectionReusableView.swift */; };
		0876FB89287D69C300391B07 /* TagsHeaderCollectionReusableView.xib in Resources */ = {isa = PBXBuildFile; fileRef = 0876FB87287D69C300391B07 /* TagsHeaderCollectionReusableView.xib */; };
		0876FB8B287DE85D00391B07 /* UIViewController+.swift in Sources */ = {isa = PBXBuildFile; fileRef = 0876FB8A287DE85D00391B07 /* UIViewController+.swift */; };
		0896AB41288149620043099D /* Image.swift in Sources */ = {isa = PBXBuildFile; fileRef = DDDA8116287E9DBA0051338D /* Image.swift */; };
		0896AB42288149740043099D /* Const.swift in Sources */ = {isa = PBXBuildFile; fileRef = 086F1805287AE14B0061422F /* Const.swift */; };
		0899F0F22886C8EC00319F2E /* surfing.json in Resources */ = {isa = PBXBuildFile; fileRef = 0899F0F02886C8EC00319F2E /* surfing.json */; };
		0899F0F32886C8EC00319F2E /* bell.json in Resources */ = {isa = PBXBuildFile; fileRef = 0899F0F12886C8EC00319F2E /* bell.json */; };
		08AA45212884909D00E961C4 /* UIScrollView+.swift in Sources */ = {isa = PBXBuildFile; fileRef = 08AA45202884909D00E961C4 /* UIScrollView+.swift */; };
		08AA45222884918100E961C4 /* UIScrollView+.swift in Sources */ = {isa = PBXBuildFile; fileRef = 08AA45202884909D00E961C4 /* UIScrollView+.swift */; };
		08D0657B2885282C007B6635 /* RepresentTagTableViewCell.swift in Sources */ = {isa = PBXBuildFile; fileRef = 08D065792885282C007B6635 /* RepresentTagTableViewCell.swift */; };
		08D0657C2885282C007B6635 /* RepresentTagTableViewCell.xib in Resources */ = {isa = PBXBuildFile; fileRef = 08D0657A2885282C007B6635 /* RepresentTagTableViewCell.xib */; };
		08D0658228853255007B6635 /* SetAlarmViewController+Extension.swift in Sources */ = {isa = PBXBuildFile; fileRef = 08D0658128853255007B6635 /* SetAlarmViewController+Extension.swift */; };
		08D06584288532C3007B6635 /* SetRepresentTagViewController+Extension.swift in Sources */ = {isa = PBXBuildFile; fileRef = 08D06583288532C3007B6635 /* SetRepresentTagViewController+Extension.swift */; };
		08EA0A9528805BB800CC143C /* Assets.xcassets in Resources */ = {isa = PBXBuildFile; fileRef = 15D1DEF32875BE0C00852617 /* Assets.xcassets */; };
		151F95C7288552230089FE9E /* AlarmListSectionHeaderView.swift in Sources */ = {isa = PBXBuildFile; fileRef = 151F95C6288552230089FE9E /* AlarmListSectionHeaderView.swift */; };
		151F95CC288563C10089FE9E /* AlarmList.storyboard in Resources */ = {isa = PBXBuildFile; fileRef = 151F95CB288563C10089FE9E /* AlarmList.storyboard */; };
		151F95CE288563D10089FE9E /* AlarmListViewController.swift in Sources */ = {isa = PBXBuildFile; fileRef = 151F95CD288563D10089FE9E /* AlarmListViewController.swift */; };
		151F95D0288563DB0089FE9E /* AlarmListViewController+Extension.swift in Sources */ = {isa = PBXBuildFile; fileRef = 151F95CF288563DB0089FE9E /* AlarmListViewController+Extension.swift */; };
		1553B718287C88A700137E6C /* HomeSearch.storyboard in Resources */ = {isa = PBXBuildFile; fileRef = 1553B717287C88A700137E6C /* HomeSearch.storyboard */; };
		1553B71A287C88B400137E6C /* HomeSearchViewController.swift in Sources */ = {isa = PBXBuildFile; fileRef = 1553B719287C88B400137E6C /* HomeSearchViewController.swift */; };
		1553B71C287C8A0000137E6C /* Storyboard.swift in Sources */ = {isa = PBXBuildFile; fileRef = 1553B71B287C8A0000137E6C /* Storyboard.swift */; };
		1553B71E287C8A3500137E6C /* ViewController.swift in Sources */ = {isa = PBXBuildFile; fileRef = 1553B71D287C8A3500137E6C /* ViewController.swift */; };
		1553B720287C8A3A00137E6C /* Identifier.swift in Sources */ = {isa = PBXBuildFile; fileRef = 1553B71F287C8A3A00137E6C /* Identifier.swift */; };
		1553B724287D12BA00137E6C /* TagCollectionViewCell.swift in Sources */ = {isa = PBXBuildFile; fileRef = 1553B722287D12BA00137E6C /* TagCollectionViewCell.swift */; };
		1553B725287D12BA00137E6C /* TagCollectionViewCell.xib in Resources */ = {isa = PBXBuildFile; fileRef = 1553B723287D12BA00137E6C /* TagCollectionViewCell.xib */; };
		1553B729287D14CA00137E6C /* HomeSearchViewController+Extension.swift in Sources */ = {isa = PBXBuildFile; fileRef = 1553B728287D14CA00137E6C /* HomeSearchViewController+Extension.swift */; };
		1584E751288060D9000FA459 /* HomeViewController+Extension.swift in Sources */ = {isa = PBXBuildFile; fileRef = 1584E750288060D9000FA459 /* HomeViewController+Extension.swift */; };
		1584E75728807A08000FA459 /* HomeSearchHeaderCollectionReusableView.swift in Sources */ = {isa = PBXBuildFile; fileRef = 1584E75528807A08000FA459 /* HomeSearchHeaderCollectionReusableView.swift */; };
		1584E75828807A08000FA459 /* HomeSearchHeaderCollectionReusableView.xib in Resources */ = {isa = PBXBuildFile; fileRef = 1584E75628807A08000FA459 /* HomeSearchHeaderCollectionReusableView.xib */; };
		1584E75D2882A4EC000FA459 /* HomeResult.storyboard in Resources */ = {isa = PBXBuildFile; fileRef = 1584E75C2882A4EC000FA459 /* HomeResult.storyboard */; };
		1584E75F2882A505000FA459 /* HomeResultViewController.swift in Sources */ = {isa = PBXBuildFile; fileRef = 1584E75E2882A505000FA459 /* HomeResultViewController.swift */; };
		1584E7612882A524000FA459 /* HomeResultViewController+Extension.swift in Sources */ = {isa = PBXBuildFile; fileRef = 1584E7602882A524000FA459 /* HomeResultViewController+Extension.swift */; };
		1584E7642882A554000FA459 /* PhotoCollectionViewCell.swift in Sources */ = {isa = PBXBuildFile; fileRef = 1584E7622882A554000FA459 /* PhotoCollectionViewCell.swift */; };
		1584E7652882A554000FA459 /* PhotoCollectionViewCell.xib in Resources */ = {isa = PBXBuildFile; fileRef = 1584E7632882A554000FA459 /* PhotoCollectionViewCell.xib */; };
		1584E76A2882E73C000FA459 /* Picture.storyboard in Resources */ = {isa = PBXBuildFile; fileRef = 1584E7692882E73C000FA459 /* Picture.storyboard */; };
		1584E76C2882E74C000FA459 /* PictureViewController.swift in Sources */ = {isa = PBXBuildFile; fileRef = 1584E76B2882E74C000FA459 /* PictureViewController.swift */; };
		1584E76E2883AD3F000FA459 /* GoogleService-Info.plist in Resources */ = {isa = PBXBuildFile; fileRef = 1584E76D2883AD3F000FA459 /* GoogleService-Info.plist */; };
		15A7788E2885A8FA00672CAE /* AlarmDetail.storyboard in Resources */ = {isa = PBXBuildFile; fileRef = 15A7788D2885A8FA00672CAE /* AlarmDetail.storyboard */; };
		15A778902885A90700672CAE /* AlarmDetailViewController.swift in Sources */ = {isa = PBXBuildFile; fileRef = 15A7788F2885A90700672CAE /* AlarmDetailViewController.swift */; };
		15A778972885F96500672CAE /* PushRouter.swift in Sources */ = {isa = PBXBuildFile; fileRef = 15A778962885F96500672CAE /* PushRouter.swift */; };
		15A778992885F97C00672CAE /* PhotoRouter.swift in Sources */ = {isa = PBXBuildFile; fileRef = 15A778982885F97C00672CAE /* PhotoRouter.swift */; };
		15A7789B2885F98600672CAE /* TagRouter.swift in Sources */ = {isa = PBXBuildFile; fileRef = 15A7789A2885F98600672CAE /* TagRouter.swift */; };
		15A7789D2885F98D00672CAE /* AuthRouter.swift in Sources */ = {isa = PBXBuildFile; fileRef = 15A7789C2885F98D00672CAE /* AuthRouter.swift */; };
		15A7789F2885F99400672CAE /* AuthService.swift in Sources */ = {isa = PBXBuildFile; fileRef = 15A7789E2885F99400672CAE /* AuthService.swift */; };
		15A778A12885F99C00672CAE /* TagService.swift in Sources */ = {isa = PBXBuildFile; fileRef = 15A778A02885F99C00672CAE /* TagService.swift */; };
		15A778A32885F9A300672CAE /* PhotoService.swift in Sources */ = {isa = PBXBuildFile; fileRef = 15A778A22885F9A300672CAE /* PhotoService.swift */; };
		15A778A52885F9AA00672CAE /* PushService.swift in Sources */ = {isa = PBXBuildFile; fileRef = 15A778A42885F9AA00672CAE /* PushService.swift */; };
		15BE00202886EB3F008C80B2 /* PictureViewController+Extension.swift in Sources */ = {isa = PBXBuildFile; fileRef = 15BE001F2886EB3F008C80B2 /* PictureViewController+Extension.swift */; };
		15BE002228873AE0008C80B2 /* UIViewController+.swift in Sources */ = {isa = PBXBuildFile; fileRef = 15BE002128873AE0008C80B2 /* UIViewController+.swift */; };
		15BE0025288743E3008C80B2 /* AuthRequest.swift in Sources */ = {isa = PBXBuildFile; fileRef = 15BE0024288743E3008C80B2 /* AuthRequest.swift */; };
		15BE0027288743E8008C80B2 /* AuthResponse.swift in Sources */ = {isa = PBXBuildFile; fileRef = 15BE0026288743E8008C80B2 /* AuthResponse.swift */; };
		15BE002A28874403008C80B2 /* PushRequest.swift in Sources */ = {isa = PBXBuildFile; fileRef = 15BE002928874403008C80B2 /* PushRequest.swift */; };
		15BE002C28874408008C80B2 /* PushResponse.swift in Sources */ = {isa = PBXBuildFile; fileRef = 15BE002B28874408008C80B2 /* PushResponse.swift */; };
		15BE002F28874416008C80B2 /* TagRequest.swift in Sources */ = {isa = PBXBuildFile; fileRef = 15BE002E28874416008C80B2 /* TagRequest.swift */; };
		15BE00312887441C008C80B2 /* TagResponse.swift in Sources */ = {isa = PBXBuildFile; fileRef = 15BE00302887441C008C80B2 /* TagResponse.swift */; };
		15BE003428874428008C80B2 /* PhotoRequest.swift in Sources */ = {isa = PBXBuildFile; fileRef = 15BE003328874428008C80B2 /* PhotoRequest.swift */; };
		15BE00362887442F008C80B2 /* PhotoResponse.swift in Sources */ = {isa = PBXBuildFile; fileRef = 15BE00352887442F008C80B2 /* PhotoResponse.swift */; };
		15BE00382887469A008C80B2 /* NetworkConstant.swift in Sources */ = {isa = PBXBuildFile; fileRef = 15BE00372887469A008C80B2 /* NetworkConstant.swift */; };
		15C4BFCE28842F3C0099CA8D /* BaseTargetType.swift in Sources */ = {isa = PBXBuildFile; fileRef = 15C4BFCD28842F3C0099CA8D /* BaseTargetType.swift */; };
		15C4BFD028842F5D0099CA8D /* URLConstant.swift in Sources */ = {isa = PBXBuildFile; fileRef = 15C4BFCF28842F5D0099CA8D /* URLConstant.swift */; };
		15C4BFD228842FAF0099CA8D /* MoyaLoggingPlugin.swift in Sources */ = {isa = PBXBuildFile; fileRef = 15C4BFD128842FAF0099CA8D /* MoyaLoggingPlugin.swift */; };
		15C4BFD428842FF70099CA8D /* NetworkBase.swift in Sources */ = {isa = PBXBuildFile; fileRef = 15C4BFD328842FF70099CA8D /* NetworkBase.swift */; };
		15C4BFD6288430490099CA8D /* GeneralResponse.swift in Sources */ = {isa = PBXBuildFile; fileRef = 15C4BFD5288430490099CA8D /* GeneralResponse.swift */; };
		15C4BFDC2884788E0099CA8D /* AlarmListTableViewCell.swift in Sources */ = {isa = PBXBuildFile; fileRef = 15C4BFDA2884788E0099CA8D /* AlarmListTableViewCell.swift */; };
		15C4BFDD2884788E0099CA8D /* AlarmListTableViewCell.xib in Resources */ = {isa = PBXBuildFile; fileRef = 15C4BFDB2884788E0099CA8D /* AlarmListTableViewCell.xib */; };
		15C4BFDF288478BB0099CA8D /* AlarmViewController+Extension.swift in Sources */ = {isa = PBXBuildFile; fileRef = 15C4BFDE288478BB0099CA8D /* AlarmViewController+Extension.swift */; };
		15D1DEEB2875BE0900852617 /* AppDelegate.swift in Sources */ = {isa = PBXBuildFile; fileRef = 15D1DEEA2875BE0900852617 /* AppDelegate.swift */; };
		15D1DEED2875BE0900852617 /* SceneDelegate.swift in Sources */ = {isa = PBXBuildFile; fileRef = 15D1DEEC2875BE0900852617 /* SceneDelegate.swift */; };
		15D1DEF22875BE0900852617 /* Main.storyboard in Resources */ = {isa = PBXBuildFile; fileRef = 15D1DEF02875BE0900852617 /* Main.storyboard */; };
		15D1DEF42875BE0C00852617 /* Assets.xcassets in Resources */ = {isa = PBXBuildFile; fileRef = 15D1DEF32875BE0C00852617 /* Assets.xcassets */; };
		15D1DEF72875BE0C00852617 /* LaunchScreen.storyboard in Resources */ = {isa = PBXBuildFile; fileRef = 15D1DEF52875BE0C00852617 /* LaunchScreen.storyboard */; };
		8BD253CFC87C17C8EE4EDC06 /* Pods_PhotoSurfer_iOS.framework in Frameworks */ = {isa = PBXBuildFile; fileRef = 6B72F2CFE0FA90653DD870C0 /* Pods_PhotoSurfer_iOS.framework */; };
		DD594E0D287F3BA800069B43 /* TagAlbumCollectionViewCell.swift in Sources */ = {isa = PBXBuildFile; fileRef = DD594E0B287F3BA800069B43 /* TagAlbumCollectionViewCell.swift */; };
		DD594E0E287F3BA800069B43 /* TagAlbumCollectionViewCell.xib in Resources */ = {isa = PBXBuildFile; fileRef = DD594E0C287F3BA800069B43 /* TagAlbumCollectionViewCell.xib */; };
		DD602B3328868FD7004F546B /* UIButton+.swift in Sources */ = {isa = PBXBuildFile; fileRef = DD602B3228868FD7004F546B /* UIButton+.swift */; };
		DD82D7A22884896400A56F6C /* Symbol.json in Resources */ = {isa = PBXBuildFile; fileRef = DD82D79F2884896400A56F6C /* Symbol.json */; };
		DD82D7A32884896400A56F6C /* Bubble.json in Resources */ = {isa = PBXBuildFile; fileRef = DD82D7A02884896400A56F6C /* Bubble.json */; };
		DD82D7A42884896400A56F6C /* SymbolWithBubble.json in Resources */ = {isa = PBXBuildFile; fileRef = DD82D7A12884896400A56F6C /* SymbolWithBubble.json */; };
		DD82D7C62884A0FF00A56F6C /* Splash.storyboard in Resources */ = {isa = PBXBuildFile; fileRef = DD82D7C52884A0FF00A56F6C /* Splash.storyboard */; };
		DD82D7C82884A10A00A56F6C /* SplashViewController.swift in Sources */ = {isa = PBXBuildFile; fileRef = DD82D7C72884A10A00A56F6C /* SplashViewController.swift */; };
		DDA6AD8828855C0700902F5A /* Login.storyboard in Resources */ = {isa = PBXBuildFile; fileRef = DDA6AD8728855C0700902F5A /* Login.storyboard */; };
		DDA6AD8A28855C1300902F5A /* LoginViewController.swift in Sources */ = {isa = PBXBuildFile; fileRef = DDA6AD8928855C1300902F5A /* LoginViewController.swift */; };
		DDABCF0A2886F567009232DD /* Onboarding.storyboard in Resources */ = {isa = PBXBuildFile; fileRef = DDABCF092886F567009232DD /* Onboarding.storyboard */; };
		DDABCF0C2886F572009232DD /* OnboardingViewController.swift in Sources */ = {isa = PBXBuildFile; fileRef = DDABCF0B2886F572009232DD /* OnboardingViewController.swift */; };
		DDABCF0E28870796009232DD /* TagDetail.storyboard in Resources */ = {isa = PBXBuildFile; fileRef = DDABCF0D28870796009232DD /* TagDetail.storyboard */; };
		DDABCF10288707A1009232DD /* TagDetailViewController.swift in Sources */ = {isa = PBXBuildFile; fileRef = DDABCF0F288707A1009232DD /* TagDetailViewController.swift */; };
		DDAC9B76287C60330041566B /* UIFont+.swift in Sources */ = {isa = PBXBuildFile; fileRef = DDAC9B75287C60330041566B /* UIFont+.swift */; };
		DDAEDF44288411F600909129 /* UITextField+.swift in Sources */ = {isa = PBXBuildFile; fileRef = DDAEDF43288411F600909129 /* UITextField+.swift */; };
		DDB71E2A2882982D00CF5036 /* SettingUser.storyboard in Resources */ = {isa = PBXBuildFile; fileRef = DDB71E292882982D00CF5036 /* SettingUser.storyboard */; };
		DDB71E2C2882986600CF5036 /* SettingPolicy.storyboard in Resources */ = {isa = PBXBuildFile; fileRef = DDB71E2B2882986600CF5036 /* SettingPolicy.storyboard */; };
		DDB71E322882A7E600CF5036 /* SettingUserViewController.swift in Sources */ = {isa = PBXBuildFile; fileRef = DDB71E312882A7E600CF5036 /* SettingUserViewController.swift */; };
		DDB71E342882A7EF00CF5036 /* SettingPolicyViewController.swift in Sources */ = {isa = PBXBuildFile; fileRef = DDB71E332882A7EF00CF5036 /* SettingPolicyViewController.swift */; };
		DDDA8117287E9DBA0051338D /* Image.swift in Sources */ = {isa = PBXBuildFile; fileRef = DDDA8116287E9DBA0051338D /* Image.swift */; };
		F8D50F2B92EBE73B864A66DB /* Pods_ImageShareExtension.framework in Frameworks */ = {isa = PBXBuildFile; fileRef = 3FC916B927CB096BE2F53174 /* Pods_ImageShareExtension.framework */; };
/* End PBXBuildFile section */

/* Begin PBXContainerItemProxy section */
		086F182B287BED350061422F /* PBXContainerItemProxy */ = {
			isa = PBXContainerItemProxy;
			containerPortal = 15D1DEDF2875BE0900852617 /* Project object */;
			proxyType = 1;
			remoteGlobalIDString = 086F1822287BED350061422F;
			remoteInfo = ImageShareExtension;
		};
/* End PBXContainerItemProxy section */

/* Begin PBXCopyFilesBuildPhase section */
		086F1831287BED350061422F /* Embed App Extensions */ = {
			isa = PBXCopyFilesBuildPhase;
			buildActionMask = 2147483647;
			dstPath = "";
			dstSubfolderSpec = 13;
			files = (
				086F182D287BED350061422F /* ImageShareExtension.appex in Embed App Extensions */,
			);
			name = "Embed App Extensions";
			runOnlyForDeploymentPostprocessing = 0;
		};
/* End PBXCopyFilesBuildPhase section */

/* Begin PBXFileReference section */
		0831EC8528844DD4007FF4F7 /* SetAlarm.storyboard */ = {isa = PBXFileReference; lastKnownFileType = file.storyboard; path = SetAlarm.storyboard; sourceTree = "<group>"; };
		0831EC8728844E1C007FF4F7 /* SetAlarmViewController.swift */ = {isa = PBXFileReference; lastKnownFileType = sourcecode.swift; path = SetAlarmViewController.swift; sourceTree = "<group>"; };
		0831EC8928844E9C007FF4F7 /* SetRepresentTag.storyboard */ = {isa = PBXFileReference; lastKnownFileType = file.storyboard; path = SetRepresentTag.storyboard; sourceTree = "<group>"; };
		0831EC8B28844EDB007FF4F7 /* SetRepresentTagViewController.swift */ = {isa = PBXFileReference; lastKnownFileType = sourcecode.swift; path = SetRepresentTagViewController.swift; sourceTree = "<group>"; };
		086F17D2287A9F620061422F /* Colors.xcassets */ = {isa = PBXFileReference; lastKnownFileType = folder.assetcatalog; path = Colors.xcassets; sourceTree = "<group>"; };
		086F17EB287ADCF30061422F /* File.swift */ = {isa = PBXFileReference; lastKnownFileType = sourcecode.swift; path = File.swift; sourceTree = "<group>"; };
		086F17ED287ADD710061422F /* MainTabBarController.swift */ = {isa = PBXFileReference; lastKnownFileType = sourcecode.swift; path = MainTabBarController.swift; sourceTree = "<group>"; };
		086F17F3287ADE0D0061422F /* Home.storyboard */ = {isa = PBXFileReference; lastKnownFileType = file.storyboard; path = Home.storyboard; sourceTree = "<group>"; };
		086F17F5287ADE150061422F /* HomeViewController.swift */ = {isa = PBXFileReference; lastKnownFileType = sourcecode.swift; path = HomeViewController.swift; sourceTree = "<group>"; };
		086F17F7287ADE650061422F /* Setting.storyboard */ = {isa = PBXFileReference; lastKnownFileType = file.storyboard; path = Setting.storyboard; sourceTree = "<group>"; };
		086F17F9287ADE7D0061422F /* SettingViewController.swift */ = {isa = PBXFileReference; lastKnownFileType = sourcecode.swift; path = SettingViewController.swift; sourceTree = "<group>"; };
		086F17FB287ADF070061422F /* AlarmViewController.swift */ = {isa = PBXFileReference; lastKnownFileType = sourcecode.swift; path = AlarmViewController.swift; sourceTree = "<group>"; };
		086F17FD287ADF170061422F /* Alarm.storyboard */ = {isa = PBXFileReference; lastKnownFileType = file.storyboard; path = Alarm.storyboard; sourceTree = "<group>"; };
		086F17FF287ADF2E0061422F /* TagViewController.swift */ = {isa = PBXFileReference; lastKnownFileType = sourcecode.swift; path = TagViewController.swift; sourceTree = "<group>"; };
		086F1801287ADF410061422F /* Tag.storyboard */ = {isa = PBXFileReference; lastKnownFileType = file.storyboard; path = Tag.storyboard; sourceTree = "<group>"; };
		086F1805287AE14B0061422F /* Const.swift */ = {isa = PBXFileReference; lastKnownFileType = sourcecode.swift; path = Const.swift; sourceTree = "<group>"; };
		086F1807287AE1740061422F /* UIColor+.swift */ = {isa = PBXFileReference; lastKnownFileType = sourcecode.swift; path = "UIColor+.swift"; sourceTree = "<group>"; };
		086F1809287AF8B90061422F /* EmptyDelegate.swift */ = {isa = PBXFileReference; lastKnownFileType = sourcecode.swift; path = EmptyDelegate.swift; sourceTree = "<group>"; };
		086F180D287AF99E0061422F /* NetworkResult.swift */ = {isa = PBXFileReference; lastKnownFileType = sourcecode.swift; path = NetworkResult.swift; sourceTree = "<group>"; };
		086F1823287BED350061422F /* ImageShareExtension.appex */ = {isa = PBXFileReference; explicitFileType = "wrapper.app-extension"; includeInIndex = 0; path = ImageShareExtension.appex; sourceTree = BUILT_PRODUCTS_DIR; };
		086F1825287BED350061422F /* ShareViewController.swift */ = {isa = PBXFileReference; lastKnownFileType = sourcecode.swift; path = ShareViewController.swift; sourceTree = "<group>"; };
		086F1828287BED350061422F /* Base */ = {isa = PBXFileReference; lastKnownFileType = file.storyboard; name = Base; path = Base.lproj/MainInterface.storyboard; sourceTree = "<group>"; };
		086F182A287BED350061422F /* Info.plist */ = {isa = PBXFileReference; lastKnownFileType = text.plist.xml; path = Info.plist; sourceTree = "<group>"; };
		086F1832287BF9420061422F /* PhotoSurfer-iOS.entitlements */ = {isa = PBXFileReference; lastKnownFileType = text.plist.entitlements; path = "PhotoSurfer-iOS.entitlements"; sourceTree = "<group>"; };
		086F1833287BFA530061422F /* ImageShareExtension.entitlements */ = {isa = PBXFileReference; lastKnownFileType = text.plist.entitlements; path = ImageShareExtension.entitlements; sourceTree = "<group>"; };
		086F1848287C8A110061422F /* TagCollectionViewCell.swift */ = {isa = PBXFileReference; lastKnownFileType = sourcecode.swift; path = TagCollectionViewCell.swift; sourceTree = "<group>"; };
		086F1849287C8A110061422F /* TagCollectionViewCell.xib */ = {isa = PBXFileReference; lastKnownFileType = file.xib; path = TagCollectionViewCell.xib; sourceTree = "<group>"; };
		086F184C287C8EF10061422F /* ShareViewController+Extension.swift */ = {isa = PBXFileReference; lastKnownFileType = sourcecode.swift; path = "ShareViewController+Extension.swift"; sourceTree = "<group>"; };
		0876FB86287D69C300391B07 /* TagsHeaderCollectionReusableView.swift */ = {isa = PBXFileReference; lastKnownFileType = sourcecode.swift; path = TagsHeaderCollectionReusableView.swift; sourceTree = "<group>"; };
		0876FB87287D69C300391B07 /* TagsHeaderCollectionReusableView.xib */ = {isa = PBXFileReference; lastKnownFileType = file.xib; path = TagsHeaderCollectionReusableView.xib; sourceTree = "<group>"; };
		0876FB8A287DE85D00391B07 /* UIViewController+.swift */ = {isa = PBXFileReference; lastKnownFileType = sourcecode.swift; path = "UIViewController+.swift"; sourceTree = "<group>"; };
		0899F0F02886C8EC00319F2E /* surfing.json */ = {isa = PBXFileReference; fileEncoding = 4; lastKnownFileType = text.json; path = surfing.json; sourceTree = "<group>"; };
		0899F0F12886C8EC00319F2E /* bell.json */ = {isa = PBXFileReference; fileEncoding = 4; lastKnownFileType = text.json; path = bell.json; sourceTree = "<group>"; };
		08AA45202884909D00E961C4 /* UIScrollView+.swift */ = {isa = PBXFileReference; lastKnownFileType = sourcecode.swift; path = "UIScrollView+.swift"; sourceTree = "<group>"; };
		08D065792885282C007B6635 /* RepresentTagTableViewCell.swift */ = {isa = PBXFileReference; lastKnownFileType = sourcecode.swift; path = RepresentTagTableViewCell.swift; sourceTree = "<group>"; };
		08D0657A2885282C007B6635 /* RepresentTagTableViewCell.xib */ = {isa = PBXFileReference; lastKnownFileType = file.xib; path = RepresentTagTableViewCell.xib; sourceTree = "<group>"; };
		08D0658128853255007B6635 /* SetAlarmViewController+Extension.swift */ = {isa = PBXFileReference; lastKnownFileType = sourcecode.swift; path = "SetAlarmViewController+Extension.swift"; sourceTree = "<group>"; };
		08D06583288532C3007B6635 /* SetRepresentTagViewController+Extension.swift */ = {isa = PBXFileReference; lastKnownFileType = sourcecode.swift; path = "SetRepresentTagViewController+Extension.swift"; sourceTree = "<group>"; };
		151F95C6288552230089FE9E /* AlarmListSectionHeaderView.swift */ = {isa = PBXFileReference; lastKnownFileType = sourcecode.swift; path = AlarmListSectionHeaderView.swift; sourceTree = "<group>"; };
		151F95CB288563C10089FE9E /* AlarmList.storyboard */ = {isa = PBXFileReference; lastKnownFileType = file.storyboard; path = AlarmList.storyboard; sourceTree = "<group>"; };
		151F95CD288563D10089FE9E /* AlarmListViewController.swift */ = {isa = PBXFileReference; lastKnownFileType = sourcecode.swift; path = AlarmListViewController.swift; sourceTree = "<group>"; };
		151F95CF288563DB0089FE9E /* AlarmListViewController+Extension.swift */ = {isa = PBXFileReference; lastKnownFileType = sourcecode.swift; path = "AlarmListViewController+Extension.swift"; sourceTree = "<group>"; };
		1553B717287C88A700137E6C /* HomeSearch.storyboard */ = {isa = PBXFileReference; lastKnownFileType = file.storyboard; path = HomeSearch.storyboard; sourceTree = "<group>"; };
		1553B719287C88B400137E6C /* HomeSearchViewController.swift */ = {isa = PBXFileReference; lastKnownFileType = sourcecode.swift; path = HomeSearchViewController.swift; sourceTree = "<group>"; };
		1553B71B287C8A0000137E6C /* Storyboard.swift */ = {isa = PBXFileReference; lastKnownFileType = sourcecode.swift; path = Storyboard.swift; sourceTree = "<group>"; };
		1553B71D287C8A3500137E6C /* ViewController.swift */ = {isa = PBXFileReference; lastKnownFileType = sourcecode.swift; path = ViewController.swift; sourceTree = "<group>"; };
		1553B71F287C8A3A00137E6C /* Identifier.swift */ = {isa = PBXFileReference; lastKnownFileType = sourcecode.swift; path = Identifier.swift; sourceTree = "<group>"; };
		1553B722287D12BA00137E6C /* TagCollectionViewCell.swift */ = {isa = PBXFileReference; lastKnownFileType = sourcecode.swift; path = TagCollectionViewCell.swift; sourceTree = "<group>"; };
		1553B723287D12BA00137E6C /* TagCollectionViewCell.xib */ = {isa = PBXFileReference; lastKnownFileType = file.xib; path = TagCollectionViewCell.xib; sourceTree = "<group>"; };
		1553B728287D14CA00137E6C /* HomeSearchViewController+Extension.swift */ = {isa = PBXFileReference; lastKnownFileType = sourcecode.swift; path = "HomeSearchViewController+Extension.swift"; sourceTree = "<group>"; };
		1584E750288060D9000FA459 /* HomeViewController+Extension.swift */ = {isa = PBXFileReference; lastKnownFileType = sourcecode.swift; path = "HomeViewController+Extension.swift"; sourceTree = "<group>"; };
		1584E75528807A08000FA459 /* HomeSearchHeaderCollectionReusableView.swift */ = {isa = PBXFileReference; lastKnownFileType = sourcecode.swift; path = HomeSearchHeaderCollectionReusableView.swift; sourceTree = "<group>"; };
		1584E75628807A08000FA459 /* HomeSearchHeaderCollectionReusableView.xib */ = {isa = PBXFileReference; lastKnownFileType = file.xib; path = HomeSearchHeaderCollectionReusableView.xib; sourceTree = "<group>"; };
		1584E75C2882A4EC000FA459 /* HomeResult.storyboard */ = {isa = PBXFileReference; lastKnownFileType = file.storyboard; path = HomeResult.storyboard; sourceTree = "<group>"; };
		1584E75E2882A505000FA459 /* HomeResultViewController.swift */ = {isa = PBXFileReference; lastKnownFileType = sourcecode.swift; path = HomeResultViewController.swift; sourceTree = "<group>"; };
		1584E7602882A524000FA459 /* HomeResultViewController+Extension.swift */ = {isa = PBXFileReference; lastKnownFileType = sourcecode.swift; path = "HomeResultViewController+Extension.swift"; sourceTree = "<group>"; };
		1584E7622882A554000FA459 /* PhotoCollectionViewCell.swift */ = {isa = PBXFileReference; lastKnownFileType = sourcecode.swift; path = PhotoCollectionViewCell.swift; sourceTree = "<group>"; };
		1584E7632882A554000FA459 /* PhotoCollectionViewCell.xib */ = {isa = PBXFileReference; lastKnownFileType = file.xib; path = PhotoCollectionViewCell.xib; sourceTree = "<group>"; };
		1584E7692882E73C000FA459 /* Picture.storyboard */ = {isa = PBXFileReference; lastKnownFileType = file.storyboard; path = Picture.storyboard; sourceTree = "<group>"; };
		1584E76B2882E74C000FA459 /* PictureViewController.swift */ = {isa = PBXFileReference; lastKnownFileType = sourcecode.swift; path = PictureViewController.swift; sourceTree = "<group>"; };
		1584E76D2883AD3F000FA459 /* GoogleService-Info.plist */ = {isa = PBXFileReference; fileEncoding = 4; lastKnownFileType = text.plist.xml; path = "GoogleService-Info.plist"; sourceTree = "<group>"; };
		15A7788D2885A8FA00672CAE /* AlarmDetail.storyboard */ = {isa = PBXFileReference; lastKnownFileType = file.storyboard; path = AlarmDetail.storyboard; sourceTree = "<group>"; };
		15A7788F2885A90700672CAE /* AlarmDetailViewController.swift */ = {isa = PBXFileReference; lastKnownFileType = sourcecode.swift; path = AlarmDetailViewController.swift; sourceTree = "<group>"; };
		15A778962885F96500672CAE /* PushRouter.swift */ = {isa = PBXFileReference; lastKnownFileType = sourcecode.swift; path = PushRouter.swift; sourceTree = "<group>"; };
		15A778982885F97C00672CAE /* PhotoRouter.swift */ = {isa = PBXFileReference; lastKnownFileType = sourcecode.swift; path = PhotoRouter.swift; sourceTree = "<group>"; };
		15A7789A2885F98600672CAE /* TagRouter.swift */ = {isa = PBXFileReference; lastKnownFileType = sourcecode.swift; path = TagRouter.swift; sourceTree = "<group>"; };
		15A7789C2885F98D00672CAE /* AuthRouter.swift */ = {isa = PBXFileReference; lastKnownFileType = sourcecode.swift; path = AuthRouter.swift; sourceTree = "<group>"; };
		15A7789E2885F99400672CAE /* AuthService.swift */ = {isa = PBXFileReference; lastKnownFileType = sourcecode.swift; path = AuthService.swift; sourceTree = "<group>"; };
		15A778A02885F99C00672CAE /* TagService.swift */ = {isa = PBXFileReference; lastKnownFileType = sourcecode.swift; path = TagService.swift; sourceTree = "<group>"; };
		15A778A22885F9A300672CAE /* PhotoService.swift */ = {isa = PBXFileReference; lastKnownFileType = sourcecode.swift; path = PhotoService.swift; sourceTree = "<group>"; };
		15A778A42885F9AA00672CAE /* PushService.swift */ = {isa = PBXFileReference; lastKnownFileType = sourcecode.swift; path = PushService.swift; sourceTree = "<group>"; };
		15BE001F2886EB3F008C80B2 /* PictureViewController+Extension.swift */ = {isa = PBXFileReference; lastKnownFileType = sourcecode.swift; path = "PictureViewController+Extension.swift"; sourceTree = "<group>"; };
		15BE002128873AE0008C80B2 /* UIViewController+.swift */ = {isa = PBXFileReference; lastKnownFileType = sourcecode.swift; path = "UIViewController+.swift"; sourceTree = "<group>"; };
		15BE0024288743E3008C80B2 /* AuthRequest.swift */ = {isa = PBXFileReference; lastKnownFileType = sourcecode.swift; path = AuthRequest.swift; sourceTree = "<group>"; };
		15BE0026288743E8008C80B2 /* AuthResponse.swift */ = {isa = PBXFileReference; lastKnownFileType = sourcecode.swift; path = AuthResponse.swift; sourceTree = "<group>"; };
		15BE002928874403008C80B2 /* PushRequest.swift */ = {isa = PBXFileReference; lastKnownFileType = sourcecode.swift; path = PushRequest.swift; sourceTree = "<group>"; };
		15BE002B28874408008C80B2 /* PushResponse.swift */ = {isa = PBXFileReference; lastKnownFileType = sourcecode.swift; path = PushResponse.swift; sourceTree = "<group>"; };
		15BE002E28874416008C80B2 /* TagRequest.swift */ = {isa = PBXFileReference; lastKnownFileType = sourcecode.swift; path = TagRequest.swift; sourceTree = "<group>"; };
		15BE00302887441C008C80B2 /* TagResponse.swift */ = {isa = PBXFileReference; lastKnownFileType = sourcecode.swift; path = TagResponse.swift; sourceTree = "<group>"; };
		15BE003328874428008C80B2 /* PhotoRequest.swift */ = {isa = PBXFileReference; lastKnownFileType = sourcecode.swift; path = PhotoRequest.swift; sourceTree = "<group>"; };
		15BE00352887442F008C80B2 /* PhotoResponse.swift */ = {isa = PBXFileReference; lastKnownFileType = sourcecode.swift; path = PhotoResponse.swift; sourceTree = "<group>"; };
		15BE00372887469A008C80B2 /* NetworkConstant.swift */ = {isa = PBXFileReference; lastKnownFileType = sourcecode.swift; path = NetworkConstant.swift; sourceTree = "<group>"; };
		15C4BFCD28842F3C0099CA8D /* BaseTargetType.swift */ = {isa = PBXFileReference; lastKnownFileType = sourcecode.swift; path = BaseTargetType.swift; sourceTree = "<group>"; };
		15C4BFCF28842F5D0099CA8D /* URLConstant.swift */ = {isa = PBXFileReference; lastKnownFileType = sourcecode.swift; path = URLConstant.swift; sourceTree = "<group>"; };
		15C4BFD128842FAF0099CA8D /* MoyaLoggingPlugin.swift */ = {isa = PBXFileReference; lastKnownFileType = sourcecode.swift; path = MoyaLoggingPlugin.swift; sourceTree = "<group>"; };
		15C4BFD328842FF70099CA8D /* NetworkBase.swift */ = {isa = PBXFileReference; lastKnownFileType = sourcecode.swift; path = NetworkBase.swift; sourceTree = "<group>"; };
		15C4BFD5288430490099CA8D /* GeneralResponse.swift */ = {isa = PBXFileReference; lastKnownFileType = sourcecode.swift; path = GeneralResponse.swift; sourceTree = "<group>"; };
		15C4BFDA2884788E0099CA8D /* AlarmListTableViewCell.swift */ = {isa = PBXFileReference; lastKnownFileType = sourcecode.swift; path = AlarmListTableViewCell.swift; sourceTree = "<group>"; };
		15C4BFDB2884788E0099CA8D /* AlarmListTableViewCell.xib */ = {isa = PBXFileReference; lastKnownFileType = file.xib; path = AlarmListTableViewCell.xib; sourceTree = "<group>"; };
		15C4BFDE288478BB0099CA8D /* AlarmViewController+Extension.swift */ = {isa = PBXFileReference; lastKnownFileType = sourcecode.swift; path = "AlarmViewController+Extension.swift"; sourceTree = "<group>"; };
		15D1DEE72875BE0900852617 /* PhotoSurfer-iOS.app */ = {isa = PBXFileReference; explicitFileType = wrapper.application; includeInIndex = 0; path = "PhotoSurfer-iOS.app"; sourceTree = BUILT_PRODUCTS_DIR; };
		15D1DEEA2875BE0900852617 /* AppDelegate.swift */ = {isa = PBXFileReference; lastKnownFileType = sourcecode.swift; path = AppDelegate.swift; sourceTree = "<group>"; };
		15D1DEEC2875BE0900852617 /* SceneDelegate.swift */ = {isa = PBXFileReference; lastKnownFileType = sourcecode.swift; path = SceneDelegate.swift; sourceTree = "<group>"; };
		15D1DEF12875BE0900852617 /* Base */ = {isa = PBXFileReference; lastKnownFileType = file.storyboard; name = Base; path = Base.lproj/Main.storyboard; sourceTree = "<group>"; };
		15D1DEF32875BE0C00852617 /* Assets.xcassets */ = {isa = PBXFileReference; lastKnownFileType = folder.assetcatalog; path = Assets.xcassets; sourceTree = "<group>"; };
		15D1DEF62875BE0C00852617 /* Base */ = {isa = PBXFileReference; lastKnownFileType = file.storyboard; name = Base; path = Base.lproj/LaunchScreen.storyboard; sourceTree = "<group>"; };
		15D1DEF82875BE0C00852617 /* Info.plist */ = {isa = PBXFileReference; lastKnownFileType = text.plist.xml; path = Info.plist; sourceTree = "<group>"; };
		3FC916B927CB096BE2F53174 /* Pods_ImageShareExtension.framework */ = {isa = PBXFileReference; explicitFileType = wrapper.framework; includeInIndex = 0; path = Pods_ImageShareExtension.framework; sourceTree = BUILT_PRODUCTS_DIR; };
		69AE80DAAACCE71EE8AB7F58 /* Pods-PhotoSurfer-iOS.debug.xcconfig */ = {isa = PBXFileReference; includeInIndex = 1; lastKnownFileType = text.xcconfig; name = "Pods-PhotoSurfer-iOS.debug.xcconfig"; path = "Target Support Files/Pods-PhotoSurfer-iOS/Pods-PhotoSurfer-iOS.debug.xcconfig"; sourceTree = "<group>"; };
		6B72F2CFE0FA90653DD870C0 /* Pods_PhotoSurfer_iOS.framework */ = {isa = PBXFileReference; explicitFileType = wrapper.framework; includeInIndex = 0; path = Pods_PhotoSurfer_iOS.framework; sourceTree = BUILT_PRODUCTS_DIR; };
		74FDA0FD6F56221DEF453008 /* Pods-ImageShareExtension.release.xcconfig */ = {isa = PBXFileReference; includeInIndex = 1; lastKnownFileType = text.xcconfig; name = "Pods-ImageShareExtension.release.xcconfig"; path = "Target Support Files/Pods-ImageShareExtension/Pods-ImageShareExtension.release.xcconfig"; sourceTree = "<group>"; };
		DA01E68971CF9CAC14438C77 /* Pods-PhotoSurfer-iOS.release.xcconfig */ = {isa = PBXFileReference; includeInIndex = 1; lastKnownFileType = text.xcconfig; name = "Pods-PhotoSurfer-iOS.release.xcconfig"; path = "Target Support Files/Pods-PhotoSurfer-iOS/Pods-PhotoSurfer-iOS.release.xcconfig"; sourceTree = "<group>"; };
		DD594E0B287F3BA800069B43 /* TagAlbumCollectionViewCell.swift */ = {isa = PBXFileReference; lastKnownFileType = sourcecode.swift; path = TagAlbumCollectionViewCell.swift; sourceTree = "<group>"; };
		DD594E0C287F3BA800069B43 /* TagAlbumCollectionViewCell.xib */ = {isa = PBXFileReference; lastKnownFileType = file.xib; path = TagAlbumCollectionViewCell.xib; sourceTree = "<group>"; };
		DD602B3228868FD7004F546B /* UIButton+.swift */ = {isa = PBXFileReference; lastKnownFileType = sourcecode.swift; path = "UIButton+.swift"; sourceTree = "<group>"; };
		DD82D79F2884896400A56F6C /* Symbol.json */ = {isa = PBXFileReference; fileEncoding = 4; lastKnownFileType = text.json; path = Symbol.json; sourceTree = "<group>"; };
		DD82D7A02884896400A56F6C /* Bubble.json */ = {isa = PBXFileReference; fileEncoding = 4; lastKnownFileType = text.json; path = Bubble.json; sourceTree = "<group>"; };
		DD82D7A12884896400A56F6C /* SymbolWithBubble.json */ = {isa = PBXFileReference; fileEncoding = 4; lastKnownFileType = text.json; path = SymbolWithBubble.json; sourceTree = "<group>"; };
		DD82D7C52884A0FF00A56F6C /* Splash.storyboard */ = {isa = PBXFileReference; lastKnownFileType = file.storyboard; path = Splash.storyboard; sourceTree = "<group>"; };
		DD82D7C72884A10A00A56F6C /* SplashViewController.swift */ = {isa = PBXFileReference; lastKnownFileType = sourcecode.swift; path = SplashViewController.swift; sourceTree = "<group>"; };
		DDA6AD8728855C0700902F5A /* Login.storyboard */ = {isa = PBXFileReference; lastKnownFileType = file.storyboard; path = Login.storyboard; sourceTree = "<group>"; };
		DDA6AD8928855C1300902F5A /* LoginViewController.swift */ = {isa = PBXFileReference; lastKnownFileType = sourcecode.swift; path = LoginViewController.swift; sourceTree = "<group>"; };
		DDABCF092886F567009232DD /* Onboarding.storyboard */ = {isa = PBXFileReference; lastKnownFileType = file.storyboard; path = Onboarding.storyboard; sourceTree = "<group>"; };
		DDABCF0B2886F572009232DD /* OnboardingViewController.swift */ = {isa = PBXFileReference; lastKnownFileType = sourcecode.swift; path = OnboardingViewController.swift; sourceTree = "<group>"; };
		DDABCF0D28870796009232DD /* TagDetail.storyboard */ = {isa = PBXFileReference; lastKnownFileType = file.storyboard; path = TagDetail.storyboard; sourceTree = "<group>"; };
		DDABCF0F288707A1009232DD /* TagDetailViewController.swift */ = {isa = PBXFileReference; lastKnownFileType = sourcecode.swift; path = TagDetailViewController.swift; sourceTree = "<group>"; };
		DDAC9B75287C60330041566B /* UIFont+.swift */ = {isa = PBXFileReference; lastKnownFileType = sourcecode.swift; path = "UIFont+.swift"; sourceTree = "<group>"; };
		DDAEDF43288411F600909129 /* UITextField+.swift */ = {isa = PBXFileReference; lastKnownFileType = sourcecode.swift; path = "UITextField+.swift"; sourceTree = "<group>"; };
		DDB71E292882982D00CF5036 /* SettingUser.storyboard */ = {isa = PBXFileReference; lastKnownFileType = file.storyboard; path = SettingUser.storyboard; sourceTree = "<group>"; };
		DDB71E2B2882986600CF5036 /* SettingPolicy.storyboard */ = {isa = PBXFileReference; lastKnownFileType = file.storyboard; path = SettingPolicy.storyboard; sourceTree = "<group>"; };
		DDB71E312882A7E600CF5036 /* SettingUserViewController.swift */ = {isa = PBXFileReference; lastKnownFileType = sourcecode.swift; path = SettingUserViewController.swift; sourceTree = "<group>"; };
		DDB71E332882A7EF00CF5036 /* SettingPolicyViewController.swift */ = {isa = PBXFileReference; lastKnownFileType = sourcecode.swift; path = SettingPolicyViewController.swift; sourceTree = "<group>"; };
		DDDA8116287E9DBA0051338D /* Image.swift */ = {isa = PBXFileReference; lastKnownFileType = sourcecode.swift; path = Image.swift; sourceTree = "<group>"; };
		FA434D01192DCB2FD9CF04E0 /* Pods-ImageShareExtension.debug.xcconfig */ = {isa = PBXFileReference; includeInIndex = 1; lastKnownFileType = text.xcconfig; name = "Pods-ImageShareExtension.debug.xcconfig"; path = "Target Support Files/Pods-ImageShareExtension/Pods-ImageShareExtension.debug.xcconfig"; sourceTree = "<group>"; };
/* End PBXFileReference section */

/* Begin PBXFrameworksBuildPhase section */
		086F1820287BED350061422F /* Frameworks */ = {
			isa = PBXFrameworksBuildPhase;
			buildActionMask = 2147483647;
			files = (
				F8D50F2B92EBE73B864A66DB /* Pods_ImageShareExtension.framework in Frameworks */,
			);
			runOnlyForDeploymentPostprocessing = 0;
		};
		15D1DEE42875BE0900852617 /* Frameworks */ = {
			isa = PBXFrameworksBuildPhase;
			buildActionMask = 2147483647;
			files = (
				8BD253CFC87C17C8EE4EDC06 /* Pods_PhotoSurfer_iOS.framework in Frameworks */,
			);
			runOnlyForDeploymentPostprocessing = 0;
		};
/* End PBXFrameworksBuildPhase section */

/* Begin PBXGroup section */
		0831EC8128844D12007FF4F7 /* Tag */ = {
			isa = PBXGroup;
			children = (
				0876FB80287D4EC800391B07 /* Views */,
				0876FB81287D4ED300391B07 /* Controllers */,
			);
			path = Tag;
			sourceTree = "<group>";
		};
		0831EC8228844D8E007FF4F7 /* Alarm */ = {
			isa = PBXGroup;
			children = (
				0831EC8328844D99007FF4F7 /* Views */,
				0831EC8428844DA2007FF4F7 /* Controllers */,
			);
			path = Alarm;
			sourceTree = "<group>";
		};
		0831EC8328844D99007FF4F7 /* Views */ = {
			isa = PBXGroup;
			children = (
				08D06576288527D2007B6635 /* Cells */,
				0831EC8528844DD4007FF4F7 /* SetAlarm.storyboard */,
				0831EC8928844E9C007FF4F7 /* SetRepresentTag.storyboard */,
			);
			path = Views;
			sourceTree = "<group>";
		};
		0831EC8428844DA2007FF4F7 /* Controllers */ = {
			isa = PBXGroup;
			children = (
				0831EC8728844E1C007FF4F7 /* SetAlarmViewController.swift */,
				0831EC8B28844EDB007FF4F7 /* SetRepresentTagViewController.swift */,
				08D0658128853255007B6635 /* SetAlarmViewController+Extension.swift */,
				08D06583288532C3007B6635 /* SetRepresentTagViewController+Extension.swift */,
			);
			path = Controllers;
			sourceTree = "<group>";
		};
		086F17CF287A9F0D0061422F /* Resource */ = {
			isa = PBXGroup;
			children = (
				086F181D287BE3D90061422F /* Assets */,
				086F1819287BE0520061422F /* Colors */,
				086F181B287BE0690061422F /* Gifs */,
				086F181E287BE3EC0061422F /* Storyboards */,
			);
			path = Resource;
			sourceTree = "<group>";
		};
		086F17DA287AA0B40061422F /* Source */ = {
			isa = PBXGroup;
			children = (
				086F17DB287AA0C10061422F /* Application */,
				086F17DC287AA0CA0061422F /* Common */,
				086F17E0287AA18A0061422F /* Presentation */,
				086F17E6287AA2B40061422F /* Service */,
			);
			path = Source;
			sourceTree = "<group>";
		};
		086F17DB287AA0C10061422F /* Application */ = {
			isa = PBXGroup;
			children = (
				15D1DEEA2875BE0900852617 /* AppDelegate.swift */,
				15D1DEEC2875BE0900852617 /* SceneDelegate.swift */,
			);
			path = Application;
			sourceTree = "<group>";
		};
		086F17DC287AA0CA0061422F /* Common */ = {
			isa = PBXGroup;
			children = (
				086F17DD287AA0DA0061422F /* Consts */,
				086F17DE287AA0E00061422F /* Extensions */,
				086F17DF287AA0E70061422F /* Protocols */,
			);
			path = Common;
			sourceTree = "<group>";
		};
		086F17DD287AA0DA0061422F /* Consts */ = {
			isa = PBXGroup;
			children = (
				086F1805287AE14B0061422F /* Const.swift */,
				1553B71B287C8A0000137E6C /* Storyboard.swift */,
				1553B71D287C8A3500137E6C /* ViewController.swift */,
				1553B71F287C8A3A00137E6C /* Identifier.swift */,
				DDDA8116287E9DBA0051338D /* Image.swift */,
			);
			path = Consts;
			sourceTree = "<group>";
		};
		086F17DE287AA0E00061422F /* Extensions */ = {
			isa = PBXGroup;
			children = (
				086F1807287AE1740061422F /* UIColor+.swift */,
				DDAC9B75287C60330041566B /* UIFont+.swift */,
				DDAEDF43288411F600909129 /* UITextField+.swift */,
				08AA45202884909D00E961C4 /* UIScrollView+.swift */,
				DD602B3228868FD7004F546B /* UIButton+.swift */,
				15BE002128873AE0008C80B2 /* UIViewController+.swift */,
			);
			path = Extensions;
			sourceTree = "<group>";
		};
		086F17DF287AA0E70061422F /* Protocols */ = {
			isa = PBXGroup;
			children = (
				086F1809287AF8B90061422F /* EmptyDelegate.swift */,
			);
			path = Protocols;
			sourceTree = "<group>";
		};
		086F17E0287AA18A0061422F /* Presentation */ = {
			isa = PBXGroup;
			children = (
				DDABCF062886F539009232DD /* Onboarding */,
				15A7788A2885A8E400672CAE /* AlarmDetail */,
				151F95C8288563A80089FE9E /* AlarmList */,
				DDA6AD8428855BD400902F5A /* Login */,
				DD82D7C22884A0C200A56F6C /* Splash */,
				1584E7662882E6FA000FA459 /* Picture */,
				1584E7592882A4D9000FA459 /* HomeResult */,
				086F17F2287ADE040061422F /* Tag */,
				086F17F1287ADDB90061422F /* Alarm */,
				086F17F0287ADDB10061422F /* Setting */,
				086F17EF287ADDAC0061422F /* Home */,
				1553B716287C889600137E6C /* HomeSearch */,
				086F17E1287AA19D0061422F /* Common */,
			);
			path = Presentation;
			sourceTree = "<group>";
		};
		086F17E1287AA19D0061422F /* Common */ = {
			isa = PBXGroup;
			children = (
				15C4BFD92884787F0099CA8D /* TableViewCells */,
				1553B721287D129B00137E6C /* CollectionViewCells */,
				15D1DEF02875BE0900852617 /* Main.storyboard */,
				086F17ED287ADD710061422F /* MainTabBarController.swift */,
			);
			path = Common;
			sourceTree = "<group>";
		};
		086F17E6287AA2B40061422F /* Service */ = {
			isa = PBXGroup;
			children = (
				15A778912885F90C00672CAE /* NetworkAPI */,
				086F17E7287AA2BB0061422F /* Data */,
				086F17E8287AA2BF0061422F /* Network */,
			);
			path = Service;
			sourceTree = "<group>";
		};
		086F17E7287AA2BB0061422F /* Data */ = {
			isa = PBXGroup;
			children = (
				15BE00232887439E008C80B2 /* AuthModel */,
				15BE002D2887440E008C80B2 /* TagModel */,
				15BE00322887441F008C80B2 /* PhotoModel */,
				15BE0028288743F5008C80B2 /* PushModel */,
			);
			path = Data;
			sourceTree = "<group>";
		};
		086F17E8287AA2BF0061422F /* Network */ = {
			isa = PBXGroup;
			children = (
				086F180D287AF99E0061422F /* NetworkResult.swift */,
				15C4BFCD28842F3C0099CA8D /* BaseTargetType.swift */,
				15C4BFCF28842F5D0099CA8D /* URLConstant.swift */,
				15C4BFD128842FAF0099CA8D /* MoyaLoggingPlugin.swift */,
				15C4BFD328842FF70099CA8D /* NetworkBase.swift */,
				15C4BFD5288430490099CA8D /* GeneralResponse.swift */,
				15BE00372887469A008C80B2 /* NetworkConstant.swift */,
			);
			path = Network;
			sourceTree = "<group>";
		};
		086F17EF287ADDAC0061422F /* Home */ = {
			isa = PBXGroup;
			children = (
				1584E75428807861000FA459 /* Controllers */,
				1584E7532880785B000FA459 /* Views */,
			);
			path = Home;
			sourceTree = "<group>";
		};
		086F17F0287ADDB10061422F /* Setting */ = {
			isa = PBXGroup;
			children = (
				DD602B3128863C91004F546B /* Controllers */,
				DD602B3028863C81004F546B /* Views */,
			);
			path = Setting;
			sourceTree = "<group>";
		};
		086F17F1287ADDB90061422F /* Alarm */ = {
			isa = PBXGroup;
			children = (
				15C4BFD8288477E80099CA8D /* Views */,
				15C4BFD7288477E10099CA8D /* Controllers */,
			);
			path = Alarm;
			sourceTree = "<group>";
		};
		086F17F2287ADE040061422F /* Tag */ = {
			isa = PBXGroup;
			children = (
				DDA6AD8228852FEE00902F5A /* Controllers */,
				DDA6AD8028852FDF00902F5A /* Views */,
			);
			path = Tag;
			sourceTree = "<group>";
		};
		086F1819287BE0520061422F /* Colors */ = {
			isa = PBXGroup;
			children = (
				086F17D2287A9F620061422F /* Colors.xcassets */,
			);
			path = Colors;
			sourceTree = "<group>";
		};
		086F181B287BE0690061422F /* Gifs */ = {
			isa = PBXGroup;
			children = (
				DD82D7A02884896400A56F6C /* Bubble.json */,
				DD82D79F2884896400A56F6C /* Symbol.json */,
				DD82D7A12884896400A56F6C /* SymbolWithBubble.json */,
				086F17EB287ADCF30061422F /* File.swift */,
			);
			path = Gifs;
			sourceTree = "<group>";
		};
		086F181D287BE3D90061422F /* Assets */ = {
			isa = PBXGroup;
			children = (
				15D1DEF32875BE0C00852617 /* Assets.xcassets */,
			);
			path = Assets;
			sourceTree = "<group>";
		};
		086F181E287BE3EC0061422F /* Storyboards */ = {
			isa = PBXGroup;
			children = (
				15D1DEF52875BE0C00852617 /* LaunchScreen.storyboard */,
			);
			path = Storyboards;
			sourceTree = "<group>";
		};
		086F1824287BED350061422F /* ImageShareExtension */ = {
			isa = PBXGroup;
			children = (
				0899F0ED2886C83600319F2E /* Resource */,
				0899F0EE2886C84000319F2E /* Source */,
				086F1833287BFA530061422F /* ImageShareExtension.entitlements */,
				086F182A287BED350061422F /* Info.plist */,
			);
			path = ImageShareExtension;
			sourceTree = "<group>";
		};
		086F1845287C896B0061422F /* Cells */ = {
			isa = PBXGroup;
			children = (
				086F1848287C8A110061422F /* TagCollectionViewCell.swift */,
				086F1849287C8A110061422F /* TagCollectionViewCell.xib */,
				0876FB86287D69C300391B07 /* TagsHeaderCollectionReusableView.swift */,
				0876FB87287D69C300391B07 /* TagsHeaderCollectionReusableView.xib */,
			);
			path = Cells;
			sourceTree = "<group>";
		};
		086F184E287C91520061422F /* Extensions */ = {
			isa = PBXGroup;
			children = (
				0876FB8A287DE85D00391B07 /* UIViewController+.swift */,
			);
			path = Extensions;
			sourceTree = "<group>";
		};
		0876FB7F287D4EB200391B07 /* Presentation */ = {
			isa = PBXGroup;
			children = (
				0831EC8228844D8E007FF4F7 /* Alarm */,
				0831EC8128844D12007FF4F7 /* Tag */,
			);
			path = Presentation;
			sourceTree = "<group>";
		};
		0876FB80287D4EC800391B07 /* Views */ = {
			isa = PBXGroup;
			children = (
				086F1845287C896B0061422F /* Cells */,
				086F1827287BED350061422F /* MainInterface.storyboard */,
			);
			path = Views;
			sourceTree = "<group>";
		};
		0876FB81287D4ED300391B07 /* Controllers */ = {
			isa = PBXGroup;
			children = (
				086F1825287BED350061422F /* ShareViewController.swift */,
				086F184C287C8EF10061422F /* ShareViewController+Extension.swift */,
			);
			path = Controllers;
			sourceTree = "<group>";
		};
		0899F0ED2886C83600319F2E /* Resource */ = {
			isa = PBXGroup;
			children = (
				0899F0EF2886C85400319F2E /* Gifs */,
			);
			path = Resource;
			sourceTree = "<group>";
		};
		0899F0EE2886C84000319F2E /* Source */ = {
			isa = PBXGroup;
			children = (
				0876FB7F287D4EB200391B07 /* Presentation */,
				086F184E287C91520061422F /* Extensions */,
			);
			path = Source;
			sourceTree = "<group>";
		};
		0899F0EF2886C85400319F2E /* Gifs */ = {
			isa = PBXGroup;
			children = (
				0899F0F12886C8EC00319F2E /* bell.json */,
				0899F0F02886C8EC00319F2E /* surfing.json */,
			);
			path = Gifs;
			sourceTree = "<group>";
		};
		08D06576288527D2007B6635 /* Cells */ = {
			isa = PBXGroup;
			children = (
				08D065792885282C007B6635 /* RepresentTagTableViewCell.swift */,
				08D0657A2885282C007B6635 /* RepresentTagTableViewCell.xib */,
			);
			path = Cells;
			sourceTree = "<group>";
		};
		151F95C8288563A80089FE9E /* AlarmList */ = {
			isa = PBXGroup;
			children = (
				151F95CA288563B50089FE9E /* Views */,
				151F95C9288563AE0089FE9E /* Controllers */,
			);
			path = AlarmList;
			sourceTree = "<group>";
		};
		151F95C9288563AE0089FE9E /* Controllers */ = {
			isa = PBXGroup;
			children = (
				151F95CD288563D10089FE9E /* AlarmListViewController.swift */,
				151F95CF288563DB0089FE9E /* AlarmListViewController+Extension.swift */,
			);
			path = Controllers;
			sourceTree = "<group>";
		};
		151F95CA288563B50089FE9E /* Views */ = {
			isa = PBXGroup;
			children = (
				151F95CB288563C10089FE9E /* AlarmList.storyboard */,
			);
			path = Views;
			sourceTree = "<group>";
		};
		1553B716287C889600137E6C /* HomeSearch */ = {
			isa = PBXGroup;
			children = (
				1553B727287D14A700137E6C /* Views */,
				1553B726287D149F00137E6C /* Controllers */,
			);
			path = HomeSearch;
			sourceTree = "<group>";
		};
		1553B721287D129B00137E6C /* CollectionViewCells */ = {
			isa = PBXGroup;
			children = (
				1553B722287D12BA00137E6C /* TagCollectionViewCell.swift */,
				1553B723287D12BA00137E6C /* TagCollectionViewCell.xib */,
				DD594E0B287F3BA800069B43 /* TagAlbumCollectionViewCell.swift */,
				DD594E0C287F3BA800069B43 /* TagAlbumCollectionViewCell.xib */,
				1584E7622882A554000FA459 /* PhotoCollectionViewCell.swift */,
				1584E7632882A554000FA459 /* PhotoCollectionViewCell.xib */,
			);
			path = CollectionViewCells;
			sourceTree = "<group>";
		};
		1553B726287D149F00137E6C /* Controllers */ = {
			isa = PBXGroup;
			children = (
				1553B719287C88B400137E6C /* HomeSearchViewController.swift */,
				1553B728287D14CA00137E6C /* HomeSearchViewController+Extension.swift */,
			);
			path = Controllers;
			sourceTree = "<group>";
		};
		1553B727287D14A700137E6C /* Views */ = {
			isa = PBXGroup;
			children = (
				1553B717287C88A700137E6C /* HomeSearch.storyboard */,
				1584E75528807A08000FA459 /* HomeSearchHeaderCollectionReusableView.swift */,
				1584E75628807A08000FA459 /* HomeSearchHeaderCollectionReusableView.xib */,
			);
			path = Views;
			sourceTree = "<group>";
		};
		1584E7532880785B000FA459 /* Views */ = {
			isa = PBXGroup;
			children = (
				086F17F3287ADE0D0061422F /* Home.storyboard */,
			);
			path = Views;
			sourceTree = "<group>";
		};
		1584E75428807861000FA459 /* Controllers */ = {
			isa = PBXGroup;
			children = (
				086F17F5287ADE150061422F /* HomeViewController.swift */,
				1584E750288060D9000FA459 /* HomeViewController+Extension.swift */,
			);
			path = Controllers;
			sourceTree = "<group>";
		};
		1584E7592882A4D9000FA459 /* HomeResult */ = {
			isa = PBXGroup;
			children = (
				1584E75B2882A4E3000FA459 /* Views */,
				1584E75A2882A4DE000FA459 /* Controllers */,
			);
			path = HomeResult;
			sourceTree = "<group>";
		};
		1584E75A2882A4DE000FA459 /* Controllers */ = {
			isa = PBXGroup;
			children = (
				1584E75E2882A505000FA459 /* HomeResultViewController.swift */,
				1584E7602882A524000FA459 /* HomeResultViewController+Extension.swift */,
			);
			path = Controllers;
			sourceTree = "<group>";
		};
		1584E75B2882A4E3000FA459 /* Views */ = {
			isa = PBXGroup;
			children = (
				1584E75C2882A4EC000FA459 /* HomeResult.storyboard */,
			);
			path = Views;
			sourceTree = "<group>";
		};
		1584E7662882E6FA000FA459 /* Picture */ = {
			isa = PBXGroup;
			children = (
				1584E7672882E6FF000FA459 /* Views */,
				1584E7682882E704000FA459 /* Controllers */,
			);
			path = Picture;
			sourceTree = "<group>";
		};
		1584E7672882E6FF000FA459 /* Views */ = {
			isa = PBXGroup;
			children = (
				1584E7692882E73C000FA459 /* Picture.storyboard */,
			);
			path = Views;
			sourceTree = "<group>";
		};
		1584E7682882E704000FA459 /* Controllers */ = {
			isa = PBXGroup;
			children = (
				1584E76B2882E74C000FA459 /* PictureViewController.swift */,
				15BE001F2886EB3F008C80B2 /* PictureViewController+Extension.swift */,
			);
			path = Controllers;
			sourceTree = "<group>";
		};
		15A7788A2885A8E400672CAE /* AlarmDetail */ = {
			isa = PBXGroup;
			children = (
				15A7788C2885A8EF00672CAE /* Views */,
				15A7788B2885A8E900672CAE /* Controllers */,
			);
			path = AlarmDetail;
			sourceTree = "<group>";
		};
		15A7788B2885A8E900672CAE /* Controllers */ = {
			isa = PBXGroup;
			children = (
				15A7788F2885A90700672CAE /* AlarmDetailViewController.swift */,
			);
			path = Controllers;
			sourceTree = "<group>";
		};
		15A7788C2885A8EF00672CAE /* Views */ = {
			isa = PBXGroup;
			children = (
				15A7788D2885A8FA00672CAE /* AlarmDetail.storyboard */,
			);
			path = Views;
			sourceTree = "<group>";
		};
		15A778912885F90C00672CAE /* NetworkAPI */ = {
			isa = PBXGroup;
			children = (
				15A778922885F92C00672CAE /* AuthAPI */,
				15A778952885F94400672CAE /* TagAPI */,
				15A778942885F93B00672CAE /* PhotoAPI */,
				15A778932885F93400672CAE /* PushAPI */,
			);
			path = NetworkAPI;
			sourceTree = "<group>";
		};
		15A778922885F92C00672CAE /* AuthAPI */ = {
			isa = PBXGroup;
			children = (
				15A7789C2885F98D00672CAE /* AuthRouter.swift */,
				15A7789E2885F99400672CAE /* AuthService.swift */,
			);
			path = AuthAPI;
			sourceTree = "<group>";
		};
		15A778932885F93400672CAE /* PushAPI */ = {
			isa = PBXGroup;
			children = (
				15A778962885F96500672CAE /* PushRouter.swift */,
				15A778A42885F9AA00672CAE /* PushService.swift */,
			);
			path = PushAPI;
			sourceTree = "<group>";
		};
		15A778942885F93B00672CAE /* PhotoAPI */ = {
			isa = PBXGroup;
			children = (
				15A778982885F97C00672CAE /* PhotoRouter.swift */,
				15A778A22885F9A300672CAE /* PhotoService.swift */,
			);
			path = PhotoAPI;
			sourceTree = "<group>";
		};
		15A778952885F94400672CAE /* TagAPI */ = {
			isa = PBXGroup;
			children = (
				15A7789A2885F98600672CAE /* TagRouter.swift */,
				15A778A02885F99C00672CAE /* TagService.swift */,
			);
			path = TagAPI;
			sourceTree = "<group>";
		};
		15BE00232887439E008C80B2 /* AuthModel */ = {
			isa = PBXGroup;
			children = (
				15BE0024288743E3008C80B2 /* AuthRequest.swift */,
				15BE0026288743E8008C80B2 /* AuthResponse.swift */,
			);
			path = AuthModel;
			sourceTree = "<group>";
		};
		15BE0028288743F5008C80B2 /* PushModel */ = {
			isa = PBXGroup;
			children = (
				15BE002928874403008C80B2 /* PushRequest.swift */,
				15BE002B28874408008C80B2 /* PushResponse.swift */,
			);
			path = PushModel;
			sourceTree = "<group>";
		};
		15BE002D2887440E008C80B2 /* TagModel */ = {
			isa = PBXGroup;
			children = (
				15BE002E28874416008C80B2 /* TagRequest.swift */,
				15BE00302887441C008C80B2 /* TagResponse.swift */,
			);
			path = TagModel;
			sourceTree = "<group>";
		};
		15BE00322887441F008C80B2 /* PhotoModel */ = {
			isa = PBXGroup;
			children = (
				15BE003328874428008C80B2 /* PhotoRequest.swift */,
				15BE00352887442F008C80B2 /* PhotoResponse.swift */,
			);
			path = PhotoModel;
			sourceTree = "<group>";
		};
		15C4BFD7288477E10099CA8D /* Controllers */ = {
			isa = PBXGroup;
			children = (
				086F17FB287ADF070061422F /* AlarmViewController.swift */,
				15C4BFDE288478BB0099CA8D /* AlarmViewController+Extension.swift */,
			);
			path = Controllers;
			sourceTree = "<group>";
		};
		15C4BFD8288477E80099CA8D /* Views */ = {
			isa = PBXGroup;
			children = (
				086F17FD287ADF170061422F /* Alarm.storyboard */,
				151F95C6288552230089FE9E /* AlarmListSectionHeaderView.swift */,
			);
			path = Views;
			sourceTree = "<group>";
		};
		15C4BFD92884787F0099CA8D /* TableViewCells */ = {
			isa = PBXGroup;
			children = (
				15C4BFDA2884788E0099CA8D /* AlarmListTableViewCell.swift */,
				15C4BFDB2884788E0099CA8D /* AlarmListTableViewCell.xib */,
			);
			path = TableViewCells;
			sourceTree = "<group>";
		};
		15D1DEDE2875BE0900852617 = {
			isa = PBXGroup;
			children = (
				15D1DEE92875BE0900852617 /* PhotoSurfer-iOS */,
				086F1824287BED350061422F /* ImageShareExtension */,
				15D1DEE82875BE0900852617 /* Products */,
				A72973B735C5EECEE350F07C /* Pods */,
				AD9D82EF8E0B682BCFDD041C /* Frameworks */,
			);
			sourceTree = "<group>";
		};
		15D1DEE82875BE0900852617 /* Products */ = {
			isa = PBXGroup;
			children = (
				15D1DEE72875BE0900852617 /* PhotoSurfer-iOS.app */,
				086F1823287BED350061422F /* ImageShareExtension.appex */,
			);
			name = Products;
			sourceTree = "<group>";
		};
		15D1DEE92875BE0900852617 /* PhotoSurfer-iOS */ = {
			isa = PBXGroup;
			children = (
				1584E76D2883AD3F000FA459 /* GoogleService-Info.plist */,
				086F1832287BF9420061422F /* PhotoSurfer-iOS.entitlements */,
				15D1DEF82875BE0C00852617 /* Info.plist */,
				086F17CF287A9F0D0061422F /* Resource */,
				086F17DA287AA0B40061422F /* Source */,
			);
			path = "PhotoSurfer-iOS";
			sourceTree = "<group>";
		};
		A72973B735C5EECEE350F07C /* Pods */ = {
			isa = PBXGroup;
			children = (
				FA434D01192DCB2FD9CF04E0 /* Pods-ImageShareExtension.debug.xcconfig */,
				74FDA0FD6F56221DEF453008 /* Pods-ImageShareExtension.release.xcconfig */,
				69AE80DAAACCE71EE8AB7F58 /* Pods-PhotoSurfer-iOS.debug.xcconfig */,
				DA01E68971CF9CAC14438C77 /* Pods-PhotoSurfer-iOS.release.xcconfig */,
			);
			path = Pods;
			sourceTree = "<group>";
		};
		AD9D82EF8E0B682BCFDD041C /* Frameworks */ = {
			isa = PBXGroup;
			children = (
				3FC916B927CB096BE2F53174 /* Pods_ImageShareExtension.framework */,
				6B72F2CFE0FA90653DD870C0 /* Pods_PhotoSurfer_iOS.framework */,
			);
			name = Frameworks;
			sourceTree = "<group>";
		};
		DD602B3028863C81004F546B /* Views */ = {
			isa = PBXGroup;
			children = (
				086F17F7287ADE650061422F /* Setting.storyboard */,
				DDB71E292882982D00CF5036 /* SettingUser.storyboard */,
				DDB71E2B2882986600CF5036 /* SettingPolicy.storyboard */,
			);
			path = Views;
			sourceTree = "<group>";
		};
		DD602B3128863C91004F546B /* Controllers */ = {
			isa = PBXGroup;
			children = (
				086F17F9287ADE7D0061422F /* SettingViewController.swift */,
				DDB71E312882A7E600CF5036 /* SettingUserViewController.swift */,
				DDB71E332882A7EF00CF5036 /* SettingPolicyViewController.swift */,
			);
			path = Controllers;
			sourceTree = "<group>";
		};
		DD82D7C22884A0C200A56F6C /* Splash */ = {
			isa = PBXGroup;
			children = (
				DD82D7C42884A0E300A56F6C /* Controllers */,
				DD82D7C32884A0DC00A56F6C /* Views */,
			);
			path = Splash;
			sourceTree = "<group>";
		};
		DD82D7C32884A0DC00A56F6C /* Views */ = {
			isa = PBXGroup;
			children = (
				DD82D7C52884A0FF00A56F6C /* Splash.storyboard */,
			);
			path = Views;
			sourceTree = "<group>";
		};
		DD82D7C42884A0E300A56F6C /* Controllers */ = {
			isa = PBXGroup;
			children = (
				DD82D7C72884A10A00A56F6C /* SplashViewController.swift */,
			);
			path = Controllers;
			sourceTree = "<group>";
		};
		DDA6AD8028852FDF00902F5A /* Views */ = {
			isa = PBXGroup;
			children = (
				086F1801287ADF410061422F /* Tag.storyboard */,
				DDABCF0D28870796009232DD /* TagDetail.storyboard */,
			);
			path = Views;
			sourceTree = "<group>";
		};
		DDA6AD8228852FEE00902F5A /* Controllers */ = {
			isa = PBXGroup;
			children = (
				086F17FF287ADF2E0061422F /* TagViewController.swift */,
				DDABCF0F288707A1009232DD /* TagDetailViewController.swift */,
			);
			path = Controllers;
			sourceTree = "<group>";
		};
		DDA6AD8428855BD400902F5A /* Login */ = {
			isa = PBXGroup;
			children = (
				DDA6AD8628855BF700902F5A /* Controllers */,
				DDA6AD8528855BEF00902F5A /* Views */,
			);
			path = Login;
			sourceTree = "<group>";
		};
		DDA6AD8528855BEF00902F5A /* Views */ = {
			isa = PBXGroup;
			children = (
				DDA6AD8728855C0700902F5A /* Login.storyboard */,
			);
			path = Views;
			sourceTree = "<group>";
		};
		DDA6AD8628855BF700902F5A /* Controllers */ = {
			isa = PBXGroup;
			children = (
				DDA6AD8928855C1300902F5A /* LoginViewController.swift */,
			);
			path = Controllers;
			sourceTree = "<group>";
		};
		DDABCF062886F539009232DD /* Onboarding */ = {
			isa = PBXGroup;
			children = (
				DDABCF082886F544009232DD /* Controller */,
				DDABCF072886F53E009232DD /* Views */,
			);
			path = Onboarding;
			sourceTree = "<group>";
		};
		DDABCF072886F53E009232DD /* Views */ = {
			isa = PBXGroup;
			children = (
				DDABCF092886F567009232DD /* Onboarding.storyboard */,
			);
			path = Views;
			sourceTree = "<group>";
		};
		DDABCF082886F544009232DD /* Controller */ = {
			isa = PBXGroup;
			children = (
				DDABCF0B2886F572009232DD /* OnboardingViewController.swift */,
			);
			path = Controller;
			sourceTree = "<group>";
		};
/* End PBXGroup section */

/* Begin PBXNativeTarget section */
		086F1822287BED350061422F /* ImageShareExtension */ = {
			isa = PBXNativeTarget;
			buildConfigurationList = 086F182E287BED350061422F /* Build configuration list for PBXNativeTarget "ImageShareExtension" */;
			buildPhases = (
				E4F32824A26F2D27DA1347A4 /* [CP] Check Pods Manifest.lock */,
				086F181F287BED350061422F /* Sources */,
				086F1820287BED350061422F /* Frameworks */,
				086F1821287BED350061422F /* Resources */,
			);
			buildRules = (
			);
			dependencies = (
			);
			name = ImageShareExtension;
			productName = ImageShareExtension;
			productReference = 086F1823287BED350061422F /* ImageShareExtension.appex */;
			productType = "com.apple.product-type.app-extension";
		};
		15D1DEE62875BE0900852617 /* PhotoSurfer-iOS */ = {
			isa = PBXNativeTarget;
			buildConfigurationList = 15D1DEFB2875BE0C00852617 /* Build configuration list for PBXNativeTarget "PhotoSurfer-iOS" */;
			buildPhases = (
				383D61E01D192351FF5EABCC /* [CP] Check Pods Manifest.lock */,
				15D1DEE32875BE0900852617 /* Sources */,
				15D1DEE42875BE0900852617 /* Frameworks */,
				15D1DEE52875BE0900852617 /* Resources */,
				086F1831287BED350061422F /* Embed App Extensions */,
				379152E9586FD2266DDCCFF8 /* [CP] Embed Pods Frameworks */,
			);
			buildRules = (
			);
			dependencies = (
				086F182C287BED350061422F /* PBXTargetDependency */,
			);
			name = "PhotoSurfer-iOS";
			productName = "PhotoSurfer-iOS";
			productReference = 15D1DEE72875BE0900852617 /* PhotoSurfer-iOS.app */;
			productType = "com.apple.product-type.application";
		};
/* End PBXNativeTarget section */

/* Begin PBXProject section */
		15D1DEDF2875BE0900852617 /* Project object */ = {
			isa = PBXProject;
			attributes = {
				BuildIndependentTargetsInParallel = 1;
				LastSwiftUpdateCheck = 1330;
				LastUpgradeCheck = 1310;
				TargetAttributes = {
					086F1822287BED350061422F = {
						CreatedOnToolsVersion = 13.3.1;
					};
					15D1DEE62875BE0900852617 = {
						CreatedOnToolsVersion = 13.1;
					};
				};
			};
			buildConfigurationList = 15D1DEE22875BE0900852617 /* Build configuration list for PBXProject "PhotoSurfer-iOS" */;
			compatibilityVersion = "Xcode 13.0";
			developmentRegion = en;
			hasScannedForEncodings = 0;
			knownRegions = (
				en,
				Base,
			);
			mainGroup = 15D1DEDE2875BE0900852617;
			productRefGroup = 15D1DEE82875BE0900852617 /* Products */;
			projectDirPath = "";
			projectRoot = "";
			targets = (
				15D1DEE62875BE0900852617 /* PhotoSurfer-iOS */,
				086F1822287BED350061422F /* ImageShareExtension */,
			);
		};
/* End PBXProject section */

/* Begin PBXResourcesBuildPhase section */
		086F1821287BED350061422F /* Resources */ = {
			isa = PBXResourcesBuildPhase;
			buildActionMask = 2147483647;
			files = (
				0899F0F32886C8EC00319F2E /* bell.json in Resources */,
				086F1829287BED350061422F /* MainInterface.storyboard in Resources */,
				0831EC8628844DD4007FF4F7 /* SetAlarm.storyboard in Resources */,
				0899F0F22886C8EC00319F2E /* surfing.json in Resources */,
				086F184B287C8A110061422F /* TagCollectionViewCell.xib in Resources */,
				0831EC8A28844E9C007FF4F7 /* SetRepresentTag.storyboard in Resources */,
				08EA0A9528805BB800CC143C /* Assets.xcassets in Resources */,
				0876FB89287D69C300391B07 /* TagsHeaderCollectionReusableView.xib in Resources */,
				08D0657C2885282C007B6635 /* RepresentTagTableViewCell.xib in Resources */,
			);
			runOnlyForDeploymentPostprocessing = 0;
		};
		15D1DEE52875BE0900852617 /* Resources */ = {
			isa = PBXResourcesBuildPhase;
			buildActionMask = 2147483647;
			files = (
				1584E75D2882A4EC000FA459 /* HomeResult.storyboard in Resources */,
				15D1DEF72875BE0C00852617 /* LaunchScreen.storyboard in Resources */,
				1584E75828807A08000FA459 /* HomeSearchHeaderCollectionReusableView.xib in Resources */,
				DD82D7A42884896400A56F6C /* SymbolWithBubble.json in Resources */,
				086F1802287ADF410061422F /* Tag.storyboard in Resources */,
				151F95CC288563C10089FE9E /* AlarmList.storyboard in Resources */,
				DDB71E2A2882982D00CF5036 /* SettingUser.storyboard in Resources */,
				086F17F4287ADE0D0061422F /* Home.storyboard in Resources */,
				086F17D3287A9F620061422F /* Colors.xcassets in Resources */,
				DDA6AD8828855C0700902F5A /* Login.storyboard in Resources */,
				086F17FE287ADF170061422F /* Alarm.storyboard in Resources */,
				15D1DEF42875BE0C00852617 /* Assets.xcassets in Resources */,
				1584E76A2882E73C000FA459 /* Picture.storyboard in Resources */,
				DD82D7C62884A0FF00A56F6C /* Splash.storyboard in Resources */,
				15D1DEF22875BE0900852617 /* Main.storyboard in Resources */,
				DDABCF0A2886F567009232DD /* Onboarding.storyboard in Resources */,
				15A7788E2885A8FA00672CAE /* AlarmDetail.storyboard in Resources */,
				1584E76E2883AD3F000FA459 /* GoogleService-Info.plist in Resources */,
				DDABCF0E28870796009232DD /* TagDetail.storyboard in Resources */,
				DDB71E2C2882986600CF5036 /* SettingPolicy.storyboard in Resources */,
				DD82D7A32884896400A56F6C /* Bubble.json in Resources */,
				1553B725287D12BA00137E6C /* TagCollectionViewCell.xib in Resources */,
				1553B718287C88A700137E6C /* HomeSearch.storyboard in Resources */,
				1584E7652882A554000FA459 /* PhotoCollectionViewCell.xib in Resources */,
				15C4BFDD2884788E0099CA8D /* AlarmListTableViewCell.xib in Resources */,
				DD82D7A22884896400A56F6C /* Symbol.json in Resources */,
				DD594E0E287F3BA800069B43 /* TagAlbumCollectionViewCell.xib in Resources */,
				086F17F8287ADE650061422F /* Setting.storyboard in Resources */,
			);
			runOnlyForDeploymentPostprocessing = 0;
		};
/* End PBXResourcesBuildPhase section */

/* Begin PBXShellScriptBuildPhase section */
		379152E9586FD2266DDCCFF8 /* [CP] Embed Pods Frameworks */ = {
			isa = PBXShellScriptBuildPhase;
			buildActionMask = 2147483647;
			files = (
			);
			inputFileListPaths = (
				"${PODS_ROOT}/Target Support Files/Pods-PhotoSurfer-iOS/Pods-PhotoSurfer-iOS-frameworks-${CONFIGURATION}-input-files.xcfilelist",
			);
			name = "[CP] Embed Pods Frameworks";
			outputFileListPaths = (
				"${PODS_ROOT}/Target Support Files/Pods-PhotoSurfer-iOS/Pods-PhotoSurfer-iOS-frameworks-${CONFIGURATION}-output-files.xcfilelist",
			);
			runOnlyForDeploymentPostprocessing = 0;
			shellPath = /bin/sh;
			shellScript = "\"${PODS_ROOT}/Target Support Files/Pods-PhotoSurfer-iOS/Pods-PhotoSurfer-iOS-frameworks.sh\"\n";
			showEnvVarsInLog = 0;
		};
		383D61E01D192351FF5EABCC /* [CP] Check Pods Manifest.lock */ = {
			isa = PBXShellScriptBuildPhase;
			buildActionMask = 2147483647;
			files = (
			);
			inputFileListPaths = (
			);
			inputPaths = (
				"${PODS_PODFILE_DIR_PATH}/Podfile.lock",
				"${PODS_ROOT}/Manifest.lock",
			);
			name = "[CP] Check Pods Manifest.lock";
			outputFileListPaths = (
			);
			outputPaths = (
				"$(DERIVED_FILE_DIR)/Pods-PhotoSurfer-iOS-checkManifestLockResult.txt",
			);
			runOnlyForDeploymentPostprocessing = 0;
			shellPath = /bin/sh;
			shellScript = "diff \"${PODS_PODFILE_DIR_PATH}/Podfile.lock\" \"${PODS_ROOT}/Manifest.lock\" > /dev/null\nif [ $? != 0 ] ; then\n    # print error to STDERR\n    echo \"error: The sandbox is not in sync with the Podfile.lock. Run 'pod install' or update your CocoaPods installation.\" >&2\n    exit 1\nfi\n# This output is used by Xcode 'outputs' to avoid re-running this script phase.\necho \"SUCCESS\" > \"${SCRIPT_OUTPUT_FILE_0}\"\n";
			showEnvVarsInLog = 0;
		};
		E4F32824A26F2D27DA1347A4 /* [CP] Check Pods Manifest.lock */ = {
			isa = PBXShellScriptBuildPhase;
			buildActionMask = 2147483647;
			files = (
			);
			inputFileListPaths = (
			);
			inputPaths = (
				"${PODS_PODFILE_DIR_PATH}/Podfile.lock",
				"${PODS_ROOT}/Manifest.lock",
			);
			name = "[CP] Check Pods Manifest.lock";
			outputFileListPaths = (
			);
			outputPaths = (
				"$(DERIVED_FILE_DIR)/Pods-ImageShareExtension-checkManifestLockResult.txt",
			);
			runOnlyForDeploymentPostprocessing = 0;
			shellPath = /bin/sh;
			shellScript = "diff \"${PODS_PODFILE_DIR_PATH}/Podfile.lock\" \"${PODS_ROOT}/Manifest.lock\" > /dev/null\nif [ $? != 0 ] ; then\n    # print error to STDERR\n    echo \"error: The sandbox is not in sync with the Podfile.lock. Run 'pod install' or update your CocoaPods installation.\" >&2\n    exit 1\nfi\n# This output is used by Xcode 'outputs' to avoid re-running this script phase.\necho \"SUCCESS\" > \"${SCRIPT_OUTPUT_FILE_0}\"\n";
			showEnvVarsInLog = 0;
		};
/* End PBXShellScriptBuildPhase section */

/* Begin PBXSourcesBuildPhase section */
		086F181F287BED350061422F /* Sources */ = {
			isa = PBXSourcesBuildPhase;
			buildActionMask = 2147483647;
			files = (
				0876FB8B287DE85D00391B07 /* UIViewController+.swift in Sources */,
				08D0657B2885282C007B6635 /* RepresentTagTableViewCell.swift in Sources */,
				0831EC8828844E1C007FF4F7 /* SetAlarmViewController.swift in Sources */,
				0831EC8C28844EDB007FF4F7 /* SetRepresentTagViewController.swift in Sources */,
				0831EC9128847C2D007FF4F7 /* UITextField+.swift in Sources */,
				0896AB41288149620043099D /* Image.swift in Sources */,
				086F1826287BED350061422F /* ShareViewController.swift in Sources */,
				0876FB88287D69C300391B07 /* TagsHeaderCollectionReusableView.swift in Sources */,
				086F184A287C8A110061422F /* TagCollectionViewCell.swift in Sources */,
				0831EC9328847C33007FF4F7 /* UIFont+.swift in Sources */,
				0831EC9228847C30007FF4F7 /* UIColor+.swift in Sources */,
				08AA45222884918100E961C4 /* UIScrollView+.swift in Sources */,
				08D0658228853255007B6635 /* SetAlarmViewController+Extension.swift in Sources */,
				086F184D287C8EF10061422F /* ShareViewController+Extension.swift in Sources */,
				0896AB42288149740043099D /* Const.swift in Sources */,
				08D06584288532C3007B6635 /* SetRepresentTagViewController+Extension.swift in Sources */,
			);
			runOnlyForDeploymentPostprocessing = 0;
		};
		15D1DEE32875BE0900852617 /* Sources */ = {
			isa = PBXSourcesBuildPhase;
			buildActionMask = 2147483647;
			files = (
				DDA6AD8A28855C1300902F5A /* LoginViewController.swift in Sources */,
				086F17F6287ADE150061422F /* HomeViewController.swift in Sources */,
				15C4BFD6288430490099CA8D /* GeneralResponse.swift in Sources */,
				15BE00362887442F008C80B2 /* PhotoResponse.swift in Sources */,
				086F180A287AF8B90061422F /* EmptyDelegate.swift in Sources */,
				15BE00312887441C008C80B2 /* TagResponse.swift in Sources */,
				1584E751288060D9000FA459 /* HomeViewController+Extension.swift in Sources */,
				15BE002A28874403008C80B2 /* PushRequest.swift in Sources */,
				DD594E0D287F3BA800069B43 /* TagAlbumCollectionViewCell.swift in Sources */,
				15D1DEEB2875BE0900852617 /* AppDelegate.swift in Sources */,
				15A7789F2885F99400672CAE /* AuthService.swift in Sources */,
				15A778992885F97C00672CAE /* PhotoRouter.swift in Sources */,
				15C4BFDF288478BB0099CA8D /* AlarmViewController+Extension.swift in Sources */,
				1584E75F2882A505000FA459 /* HomeResultViewController.swift in Sources */,
				DDABCF0C2886F572009232DD /* OnboardingViewController.swift in Sources */,
				15BE0025288743E3008C80B2 /* AuthRequest.swift in Sources */,
				DDB71E322882A7E600CF5036 /* SettingUserViewController.swift in Sources */,
				086F17FC287ADF070061422F /* AlarmViewController.swift in Sources */,
				15A778902885A90700672CAE /* AlarmDetailViewController.swift in Sources */,
				151F95CE288563D10089FE9E /* AlarmListViewController.swift in Sources */,
				15C4BFD028842F5D0099CA8D /* URLConstant.swift in Sources */,
				15BE00202886EB3F008C80B2 /* PictureViewController+Extension.swift in Sources */,
				15A778A52885F9AA00672CAE /* PushService.swift in Sources */,
				1553B71C287C8A0000137E6C /* Storyboard.swift in Sources */,
				086F17EC287ADCF30061422F /* File.swift in Sources */,
				086F17EE287ADD710061422F /* MainTabBarController.swift in Sources */,
				DDDA8117287E9DBA0051338D /* Image.swift in Sources */,
				DDABCF10288707A1009232DD /* TagDetailViewController.swift in Sources */,
				15BE002228873AE0008C80B2 /* UIViewController+.swift in Sources */,
				15C4BFD428842FF70099CA8D /* NetworkBase.swift in Sources */,
				086F180E287AF99E0061422F /* NetworkResult.swift in Sources */,
				15A778972885F96500672CAE /* PushRouter.swift in Sources */,
				086F1800287ADF2E0061422F /* TagViewController.swift in Sources */,
				15BE003428874428008C80B2 /* PhotoRequest.swift in Sources */,
				15A7789B2885F98600672CAE /* TagRouter.swift in Sources */,
				15BE002F28874416008C80B2 /* TagRequest.swift in Sources */,
				DDB71E342882A7EF00CF5036 /* SettingPolicyViewController.swift in Sources */,
				DDAEDF44288411F600909129 /* UITextField+.swift in Sources */,
				1553B71E287C8A3500137E6C /* ViewController.swift in Sources */,
				1584E7642882A554000FA459 /* PhotoCollectionViewCell.swift in Sources */,
				15BE00382887469A008C80B2 /* NetworkConstant.swift in Sources */,
				1553B720287C8A3A00137E6C /* Identifier.swift in Sources */,
				DD602B3328868FD7004F546B /* UIButton+.swift in Sources */,
				15C4BFD228842FAF0099CA8D /* MoyaLoggingPlugin.swift in Sources */,
				151F95D0288563DB0089FE9E /* AlarmListViewController+Extension.swift in Sources */,
				15A778A32885F9A300672CAE /* PhotoService.swift in Sources */,
				15C4BFDC2884788E0099CA8D /* AlarmListTableViewCell.swift in Sources */,
				15C4BFCE28842F3C0099CA8D /* BaseTargetType.swift in Sources */,
				1553B71A287C88B400137E6C /* HomeSearchViewController.swift in Sources */,
				1584E76C2882E74C000FA459 /* PictureViewController.swift in Sources */,
				15A7789D2885F98D00672CAE /* AuthRouter.swift in Sources */,
				1553B724287D12BA00137E6C /* TagCollectionViewCell.swift in Sources */,
				15D1DEED2875BE0900852617 /* SceneDelegate.swift in Sources */,
				1584E75728807A08000FA459 /* HomeSearchHeaderCollectionReusableView.swift in Sources */,
				DD82D7C82884A10A00A56F6C /* SplashViewController.swift in Sources */,
				DDAC9B76287C60330041566B /* UIFont+.swift in Sources */,
				086F17FA287ADE7D0061422F /* SettingViewController.swift in Sources */,
				1584E7612882A524000FA459 /* HomeResultViewController+Extension.swift in Sources */,
				1553B729287D14CA00137E6C /* HomeSearchViewController+Extension.swift in Sources */,
				15BE002C28874408008C80B2 /* PushResponse.swift in Sources */,
				08AA45212884909D00E961C4 /* UIScrollView+.swift in Sources */,
				15A778A12885F99C00672CAE /* TagService.swift in Sources */,
				086F1806287AE14B0061422F /* Const.swift in Sources */,
				151F95C7288552230089FE9E /* AlarmListSectionHeaderView.swift in Sources */,
				15BE0027288743E8008C80B2 /* AuthResponse.swift in Sources */,
				086F1808287AE1740061422F /* UIColor+.swift in Sources */,
			);
			runOnlyForDeploymentPostprocessing = 0;
		};
/* End PBXSourcesBuildPhase section */

/* Begin PBXTargetDependency section */
		086F182C287BED350061422F /* PBXTargetDependency */ = {
			isa = PBXTargetDependency;
			target = 086F1822287BED350061422F /* ImageShareExtension */;
			targetProxy = 086F182B287BED350061422F /* PBXContainerItemProxy */;
		};
/* End PBXTargetDependency section */

/* Begin PBXVariantGroup section */
		086F1827287BED350061422F /* MainInterface.storyboard */ = {
			isa = PBXVariantGroup;
			children = (
				086F1828287BED350061422F /* Base */,
			);
			name = MainInterface.storyboard;
			sourceTree = "<group>";
		};
		15D1DEF02875BE0900852617 /* Main.storyboard */ = {
			isa = PBXVariantGroup;
			children = (
				15D1DEF12875BE0900852617 /* Base */,
			);
			name = Main.storyboard;
			sourceTree = "<group>";
		};
		15D1DEF52875BE0C00852617 /* LaunchScreen.storyboard */ = {
			isa = PBXVariantGroup;
			children = (
				15D1DEF62875BE0C00852617 /* Base */,
			);
			name = LaunchScreen.storyboard;
			sourceTree = "<group>";
		};
/* End PBXVariantGroup section */

/* Begin XCBuildConfiguration section */
		086F182F287BED350061422F /* Debug */ = {
			isa = XCBuildConfiguration;
			baseConfigurationReference = FA434D01192DCB2FD9CF04E0 /* Pods-ImageShareExtension.debug.xcconfig */;
			buildSettings = {
				CODE_SIGN_ENTITLEMENTS = ImageShareExtension/ImageShareExtension.entitlements;
				CODE_SIGN_STYLE = Automatic;
				CURRENT_PROJECT_VERSION = 1;
				DEVELOPMENT_TEAM = MLFF8438BY;
				GENERATE_INFOPLIST_FILE = YES;
				INFOPLIST_FILE = ImageShareExtension/Info.plist;
				INFOPLIST_KEY_CFBundleDisplayName = ImageShareExtension;
				INFOPLIST_KEY_NSHumanReadableCopyright = "";
				IPHONEOS_DEPLOYMENT_TARGET = 15.0;
				LD_RUNPATH_SEARCH_PATHS = (
					"$(inherited)",
					"@executable_path/Frameworks",
					"@executable_path/../../Frameworks",
				);
				MARKETING_VERSION = 1.0;
				PRODUCT_BUNDLE_IDENTIFIER = kimhyesu.PhotoSurfer.ImageShareExtension;
				PRODUCT_NAME = "$(TARGET_NAME)";
				SKIP_INSTALL = YES;
				SWIFT_EMIT_LOC_STRINGS = YES;
				SWIFT_VERSION = 5.0;
				TARGETED_DEVICE_FAMILY = 1;
			};
			name = Debug;
		};
		086F1830287BED350061422F /* Release */ = {
			isa = XCBuildConfiguration;
			baseConfigurationReference = 74FDA0FD6F56221DEF453008 /* Pods-ImageShareExtension.release.xcconfig */;
			buildSettings = {
				CODE_SIGN_ENTITLEMENTS = ImageShareExtension/ImageShareExtension.entitlements;
				CODE_SIGN_STYLE = Automatic;
				CURRENT_PROJECT_VERSION = 1;
				DEVELOPMENT_TEAM = MLFF8438BY;
				GENERATE_INFOPLIST_FILE = YES;
				INFOPLIST_FILE = ImageShareExtension/Info.plist;
				INFOPLIST_KEY_CFBundleDisplayName = ImageShareExtension;
				INFOPLIST_KEY_NSHumanReadableCopyright = "";
				IPHONEOS_DEPLOYMENT_TARGET = 15.0;
				LD_RUNPATH_SEARCH_PATHS = (
					"$(inherited)",
					"@executable_path/Frameworks",
					"@executable_path/../../Frameworks",
				);
				MARKETING_VERSION = 1.0;
				PRODUCT_BUNDLE_IDENTIFIER = kimhyesu.PhotoSurfer.ImageShareExtension;
				PRODUCT_NAME = "$(TARGET_NAME)";
				SKIP_INSTALL = YES;
				SWIFT_EMIT_LOC_STRINGS = YES;
				SWIFT_VERSION = 5.0;
				TARGETED_DEVICE_FAMILY = 1;
			};
			name = Release;
		};
		15D1DEF92875BE0C00852617 /* Debug */ = {
			isa = XCBuildConfiguration;
			buildSettings = {
				ALWAYS_SEARCH_USER_PATHS = NO;
				CLANG_ANALYZER_NONNULL = YES;
				CLANG_ANALYZER_NUMBER_OBJECT_CONVERSION = YES_AGGRESSIVE;
				CLANG_CXX_LANGUAGE_STANDARD = "gnu++17";
				CLANG_CXX_LIBRARY = "libc++";
				CLANG_ENABLE_MODULES = YES;
				CLANG_ENABLE_OBJC_ARC = YES;
				CLANG_ENABLE_OBJC_WEAK = YES;
				CLANG_WARN_BLOCK_CAPTURE_AUTORELEASING = YES;
				CLANG_WARN_BOOL_CONVERSION = YES;
				CLANG_WARN_COMMA = YES;
				CLANG_WARN_CONSTANT_CONVERSION = YES;
				CLANG_WARN_DEPRECATED_OBJC_IMPLEMENTATIONS = YES;
				CLANG_WARN_DIRECT_OBJC_ISA_USAGE = YES_ERROR;
				CLANG_WARN_DOCUMENTATION_COMMENTS = YES;
				CLANG_WARN_EMPTY_BODY = YES;
				CLANG_WARN_ENUM_CONVERSION = YES;
				CLANG_WARN_INFINITE_RECURSION = YES;
				CLANG_WARN_INT_CONVERSION = YES;
				CLANG_WARN_NON_LITERAL_NULL_CONVERSION = YES;
				CLANG_WARN_OBJC_IMPLICIT_RETAIN_SELF = YES;
				CLANG_WARN_OBJC_LITERAL_CONVERSION = YES;
				CLANG_WARN_OBJC_ROOT_CLASS = YES_ERROR;
				CLANG_WARN_QUOTED_INCLUDE_IN_FRAMEWORK_HEADER = YES;
				CLANG_WARN_RANGE_LOOP_ANALYSIS = YES;
				CLANG_WARN_STRICT_PROTOTYPES = YES;
				CLANG_WARN_SUSPICIOUS_MOVE = YES;
				CLANG_WARN_UNGUARDED_AVAILABILITY = YES_AGGRESSIVE;
				CLANG_WARN_UNREACHABLE_CODE = YES;
				CLANG_WARN__DUPLICATE_METHOD_MATCH = YES;
				COPY_PHASE_STRIP = NO;
				DEBUG_INFORMATION_FORMAT = dwarf;
				ENABLE_STRICT_OBJC_MSGSEND = YES;
				ENABLE_TESTABILITY = YES;
				GCC_C_LANGUAGE_STANDARD = gnu11;
				GCC_DYNAMIC_NO_PIC = NO;
				GCC_NO_COMMON_BLOCKS = YES;
				GCC_OPTIMIZATION_LEVEL = 0;
				GCC_PREPROCESSOR_DEFINITIONS = (
					"DEBUG=1",
					"$(inherited)",
				);
				GCC_WARN_64_TO_32_BIT_CONVERSION = YES;
				GCC_WARN_ABOUT_RETURN_TYPE = YES_ERROR;
				GCC_WARN_UNDECLARED_SELECTOR = YES;
				GCC_WARN_UNINITIALIZED_AUTOS = YES_AGGRESSIVE;
				GCC_WARN_UNUSED_FUNCTION = YES;
				GCC_WARN_UNUSED_VARIABLE = YES;
				IPHONEOS_DEPLOYMENT_TARGET = 15.0;
				MTL_ENABLE_DEBUG_INFO = INCLUDE_SOURCE;
				MTL_FAST_MATH = YES;
				ONLY_ACTIVE_ARCH = YES;
				SDKROOT = iphoneos;
				SWIFT_ACTIVE_COMPILATION_CONDITIONS = DEBUG;
				SWIFT_OPTIMIZATION_LEVEL = "-Onone";
			};
			name = Debug;
		};
		15D1DEFA2875BE0C00852617 /* Release */ = {
			isa = XCBuildConfiguration;
			buildSettings = {
				ALWAYS_SEARCH_USER_PATHS = NO;
				CLANG_ANALYZER_NONNULL = YES;
				CLANG_ANALYZER_NUMBER_OBJECT_CONVERSION = YES_AGGRESSIVE;
				CLANG_CXX_LANGUAGE_STANDARD = "gnu++17";
				CLANG_CXX_LIBRARY = "libc++";
				CLANG_ENABLE_MODULES = YES;
				CLANG_ENABLE_OBJC_ARC = YES;
				CLANG_ENABLE_OBJC_WEAK = YES;
				CLANG_WARN_BLOCK_CAPTURE_AUTORELEASING = YES;
				CLANG_WARN_BOOL_CONVERSION = YES;
				CLANG_WARN_COMMA = YES;
				CLANG_WARN_CONSTANT_CONVERSION = YES;
				CLANG_WARN_DEPRECATED_OBJC_IMPLEMENTATIONS = YES;
				CLANG_WARN_DIRECT_OBJC_ISA_USAGE = YES_ERROR;
				CLANG_WARN_DOCUMENTATION_COMMENTS = YES;
				CLANG_WARN_EMPTY_BODY = YES;
				CLANG_WARN_ENUM_CONVERSION = YES;
				CLANG_WARN_INFINITE_RECURSION = YES;
				CLANG_WARN_INT_CONVERSION = YES;
				CLANG_WARN_NON_LITERAL_NULL_CONVERSION = YES;
				CLANG_WARN_OBJC_IMPLICIT_RETAIN_SELF = YES;
				CLANG_WARN_OBJC_LITERAL_CONVERSION = YES;
				CLANG_WARN_OBJC_ROOT_CLASS = YES_ERROR;
				CLANG_WARN_QUOTED_INCLUDE_IN_FRAMEWORK_HEADER = YES;
				CLANG_WARN_RANGE_LOOP_ANALYSIS = YES;
				CLANG_WARN_STRICT_PROTOTYPES = YES;
				CLANG_WARN_SUSPICIOUS_MOVE = YES;
				CLANG_WARN_UNGUARDED_AVAILABILITY = YES_AGGRESSIVE;
				CLANG_WARN_UNREACHABLE_CODE = YES;
				CLANG_WARN__DUPLICATE_METHOD_MATCH = YES;
				COPY_PHASE_STRIP = NO;
				DEBUG_INFORMATION_FORMAT = "dwarf-with-dsym";
				ENABLE_NS_ASSERTIONS = NO;
				ENABLE_STRICT_OBJC_MSGSEND = YES;
				GCC_C_LANGUAGE_STANDARD = gnu11;
				GCC_NO_COMMON_BLOCKS = YES;
				GCC_WARN_64_TO_32_BIT_CONVERSION = YES;
				GCC_WARN_ABOUT_RETURN_TYPE = YES_ERROR;
				GCC_WARN_UNDECLARED_SELECTOR = YES;
				GCC_WARN_UNINITIALIZED_AUTOS = YES_AGGRESSIVE;
				GCC_WARN_UNUSED_FUNCTION = YES;
				GCC_WARN_UNUSED_VARIABLE = YES;
				IPHONEOS_DEPLOYMENT_TARGET = 15.0;
				MTL_ENABLE_DEBUG_INFO = NO;
				MTL_FAST_MATH = YES;
				SDKROOT = iphoneos;
				SWIFT_COMPILATION_MODE = wholemodule;
				SWIFT_OPTIMIZATION_LEVEL = "-O";
				VALIDATE_PRODUCT = YES;
			};
			name = Release;
		};
		15D1DEFC2875BE0C00852617 /* Debug */ = {
			isa = XCBuildConfiguration;
			baseConfigurationReference = 69AE80DAAACCE71EE8AB7F58 /* Pods-PhotoSurfer-iOS.debug.xcconfig */;
			buildSettings = {
				ALWAYS_EMBED_SWIFT_STANDARD_LIBRARIES = YES;
				ASSETCATALOG_COMPILER_APPICON_NAME = AppIcon;
				ASSETCATALOG_COMPILER_GLOBAL_ACCENT_COLOR_NAME = AccentColor;
				CODE_SIGN_ENTITLEMENTS = "PhotoSurfer-iOS/PhotoSurfer-iOS.entitlements";
				CODE_SIGN_IDENTITY = "Apple Development";
				CODE_SIGN_STYLE = Automatic;
				CURRENT_PROJECT_VERSION = 1;
				DEVELOPMENT_TEAM = MLFF8438BY;
				GENERATE_INFOPLIST_FILE = YES;
				INFOPLIST_FILE = "PhotoSurfer-iOS/Info.plist";
				INFOPLIST_KEY_CFBundleDisplayName = "포토서퍼";
				INFOPLIST_KEY_LSApplicationCategoryType = "";
				INFOPLIST_KEY_UIApplicationSupportsIndirectInputEvents = YES;
				INFOPLIST_KEY_UILaunchStoryboardName = LaunchScreen;
				INFOPLIST_KEY_UIMainStoryboardFile = Main;
				INFOPLIST_KEY_UISupportedInterfaceOrientations_iPad = "UIInterfaceOrientationPortrait UIInterfaceOrientationPortraitUpsideDown UIInterfaceOrientationLandscapeLeft UIInterfaceOrientationLandscapeRight";
				INFOPLIST_KEY_UISupportedInterfaceOrientations_iPhone = "UIInterfaceOrientationPortrait UIInterfaceOrientationLandscapeLeft UIInterfaceOrientationLandscapeRight";
				LD_RUNPATH_SEARCH_PATHS = (
					"$(inherited)",
					"@executable_path/Frameworks",
				);
				MARKETING_VERSION = 1.0;
				PRODUCT_BUNDLE_IDENTIFIER = kimhyesu.PhotoSurfer;
				PRODUCT_NAME = "$(TARGET_NAME)";
				PROVISIONING_PROFILE_SPECIFIER = "";
				SWIFT_EMIT_LOC_STRINGS = YES;
				SWIFT_VERSION = 5.0;
				TARGETED_DEVICE_FAMILY = 1;
			};
			name = Debug;
		};
		15D1DEFD2875BE0C00852617 /* Release */ = {
			isa = XCBuildConfiguration;
			baseConfigurationReference = DA01E68971CF9CAC14438C77 /* Pods-PhotoSurfer-iOS.release.xcconfig */;
			buildSettings = {
				ALWAYS_EMBED_SWIFT_STANDARD_LIBRARIES = YES;
				ASSETCATALOG_COMPILER_APPICON_NAME = AppIcon;
				ASSETCATALOG_COMPILER_GLOBAL_ACCENT_COLOR_NAME = AccentColor;
				CODE_SIGN_ENTITLEMENTS = "PhotoSurfer-iOS/PhotoSurfer-iOS.entitlements";
				CODE_SIGN_IDENTITY = "Apple Development";
				CODE_SIGN_STYLE = Automatic;
				CURRENT_PROJECT_VERSION = 1;
				DEVELOPMENT_TEAM = MLFF8438BY;
				GENERATE_INFOPLIST_FILE = YES;
				INFOPLIST_FILE = "PhotoSurfer-iOS/Info.plist";
				INFOPLIST_KEY_CFBundleDisplayName = "포토서퍼";
				INFOPLIST_KEY_LSApplicationCategoryType = "";
				INFOPLIST_KEY_UIApplicationSupportsIndirectInputEvents = YES;
				INFOPLIST_KEY_UILaunchStoryboardName = LaunchScreen;
				INFOPLIST_KEY_UIMainStoryboardFile = Main;
				INFOPLIST_KEY_UISupportedInterfaceOrientations_iPad = "UIInterfaceOrientationPortrait UIInterfaceOrientationPortraitUpsideDown UIInterfaceOrientationLandscapeLeft UIInterfaceOrientationLandscapeRight";
				INFOPLIST_KEY_UISupportedInterfaceOrientations_iPhone = "UIInterfaceOrientationPortrait UIInterfaceOrientationLandscapeLeft UIInterfaceOrientationLandscapeRight";
				LD_RUNPATH_SEARCH_PATHS = (
					"$(inherited)",
					"@executable_path/Frameworks",
				);
				MARKETING_VERSION = 1.0;
				PRODUCT_BUNDLE_IDENTIFIER = kimhyesu.PhotoSurfer;
				PRODUCT_NAME = "$(TARGET_NAME)";
				PROVISIONING_PROFILE_SPECIFIER = "";
				SWIFT_EMIT_LOC_STRINGS = YES;
				SWIFT_VERSION = 5.0;
				TARGETED_DEVICE_FAMILY = 1;
			};
			name = Release;
		};
/* End XCBuildConfiguration section */

/* Begin XCConfigurationList section */
		086F182E287BED350061422F /* Build configuration list for PBXNativeTarget "ImageShareExtension" */ = {
			isa = XCConfigurationList;
			buildConfigurations = (
				086F182F287BED350061422F /* Debug */,
				086F1830287BED350061422F /* Release */,
			);
			defaultConfigurationIsVisible = 0;
			defaultConfigurationName = Release;
		};
		15D1DEE22875BE0900852617 /* Build configuration list for PBXProject "PhotoSurfer-iOS" */ = {
			isa = XCConfigurationList;
			buildConfigurations = (
				15D1DEF92875BE0C00852617 /* Debug */,
				15D1DEFA2875BE0C00852617 /* Release */,
			);
			defaultConfigurationIsVisible = 0;
			defaultConfigurationName = Release;
		};
		15D1DEFB2875BE0C00852617 /* Build configuration list for PBXNativeTarget "PhotoSurfer-iOS" */ = {
			isa = XCConfigurationList;
			buildConfigurations = (
				15D1DEFC2875BE0C00852617 /* Debug */,
				15D1DEFD2875BE0C00852617 /* Release */,
			);
			defaultConfigurationIsVisible = 0;
			defaultConfigurationName = Release;
		};
/* End XCConfigurationList section */
	};
	rootObject = 15D1DEDF2875BE0900852617 /* Project object */;
}
